// !$*UTF8*$!
{
	archiveVersion = 1;
	classes = {
	};
	objectVersion = 55;
	objects = {

/* Begin PBXBuildFile section */
		A602326C27433B1E008B339B /* AppDelegate.swift in Sources */ = {isa = PBXBuildFile; fileRef = A602326B27433B1E008B339B /* AppDelegate.swift */; };
		A602326E27433B1E008B339B /* SceneDelegate.swift in Sources */ = {isa = PBXBuildFile; fileRef = A602326D27433B1E008B339B /* SceneDelegate.swift */; };
		A602327327433B1E008B339B /* Main.storyboard in Resources */ = {isa = PBXBuildFile; fileRef = A602327127433B1E008B339B /* Main.storyboard */; };
		A602327527433B20008B339B /* Assets.xcassets in Resources */ = {isa = PBXBuildFile; fileRef = A602327427433B20008B339B /* Assets.xcassets */; };
		A602327827433B20008B339B /* LaunchScreen.storyboard in Resources */ = {isa = PBXBuildFile; fileRef = A602327627433B20008B339B /* LaunchScreen.storyboard */; };
		A602328227433BBE008B339B /* BookTableViewController.swift in Sources */ = {isa = PBXBuildFile; fileRef = A602328127433BBE008B339B /* BookTableViewController.swift */; };
		A602328727433D40008B339B /* BookFinderModels.swift in Sources */ = {isa = PBXBuildFile; fileRef = A602328627433D40008B339B /* BookFinderModels.swift */; };
		A602328A274342BF008B339B /* Alamofire in Frameworks */ = {isa = PBXBuildFile; productRef = A6023289274342BF008B339B /* Alamofire */; };
		A602328D27435AB5008B339B /* SDWebImage in Frameworks */ = {isa = PBXBuildFile; productRef = A602328C27435AB5008B339B /* SDWebImage */; };
/* End PBXBuildFile section */

/* Begin PBXFileReference section */
		A602326827433B1E008B339B /* BookFinderWithCodable1.app */ = {isa = PBXFileReference; explicitFileType = wrapper.application; includeInIndex = 0; path = BookFinderWithCodable1.app; sourceTree = BUILT_PRODUCTS_DIR; };
		A602326B27433B1E008B339B /* AppDelegate.swift */ = {isa = PBXFileReference; lastKnownFileType = sourcecode.swift; path = AppDelegate.swift; sourceTree = "<group>"; };
		A602326D27433B1E008B339B /* SceneDelegate.swift */ = {isa = PBXFileReference; lastKnownFileType = sourcecode.swift; path = SceneDelegate.swift; sourceTree = "<group>"; };
		A602327227433B1E008B339B /* Base */ = {isa = PBXFileReference; lastKnownFileType = file.storyboard; name = Base; path = Base.lproj/Main.storyboard; sourceTree = "<group>"; };
		A602327427433B20008B339B /* Assets.xcassets */ = {isa = PBXFileReference; lastKnownFileType = folder.assetcatalog; path = Assets.xcassets; sourceTree = "<group>"; };
		A602327727433B20008B339B /* Base */ = {isa = PBXFileReference; lastKnownFileType = file.storyboard; name = Base; path = Base.lproj/LaunchScreen.storyboard; sourceTree = "<group>"; };
		A602327927433B20008B339B /* Info.plist */ = {isa = PBXFileReference; lastKnownFileType = text.plist.xml; path = Info.plist; sourceTree = "<group>"; };
		A602328127433BBE008B339B /* BookTableViewController.swift */ = {isa = PBXFileReference; lastKnownFileType = sourcecode.swift; path = BookTableViewController.swift; sourceTree = "<group>"; };
		A602328627433D40008B339B /* BookFinderModels.swift */ = {isa = PBXFileReference; lastKnownFileType = sourcecode.swift; path = BookFinderModels.swift; sourceTree = "<group>"; };
/* End PBXFileReference section */

/* Begin PBXFrameworksBuildPhase section */
		A602326527433B1E008B339B /* Frameworks */ = {
			isa = PBXFrameworksBuildPhase;
			buildActionMask = 2147483647;
			files = (
				A602328D27435AB5008B339B /* SDWebImage in Frameworks */,
				A602328A274342BF008B339B /* Alamofire in Frameworks */,
			);
			runOnlyForDeploymentPostprocessing = 0;
		};
/* End PBXFrameworksBuildPhase section */

/* Begin PBXGroup section */
		A602325F27433B1D008B339B = {
			isa = PBXGroup;
			children = (
				A602326A27433B1E008B339B /* BookFinderWithCodable1 */,
				A602326927433B1E008B339B /* Products */,
			);
			sourceTree = "<group>";
		};
		A602326927433B1E008B339B /* Products */ = {
			isa = PBXGroup;
			children = (
				A602326827433B1E008B339B /* BookFinderWithCodable1.app */,
			);
			name = Products;
			sourceTree = "<group>";
		};
		A602326A27433B1E008B339B /* BookFinderWithCodable1 */ = {
			isa = PBXGroup;
			children = (
				A602328527433BFD008B339B /* Utils */,
				A602328427433BF2008B339B /* Controllers */,
				A602328327433BE1008B339B /* Models */,
				A602326B27433B1E008B339B /* AppDelegate.swift */,
				A602326D27433B1E008B339B /* SceneDelegate.swift */,
				A602327127433B1E008B339B /* Main.storyboard */,
				A602327427433B20008B339B /* Assets.xcassets */,
				A602327627433B20008B339B /* LaunchScreen.storyboard */,
				A602327927433B20008B339B /* Info.plist */,
			);
			path = BookFinderWithCodable1;
			sourceTree = "<group>";
		};
		A602328327433BE1008B339B /* Models */ = {
			isa = PBXGroup;
			children = (
				A602328627433D40008B339B /* BookFinderModels.swift */,
			);
			path = Models;
			sourceTree = "<group>";
		};
		A602328427433BF2008B339B /* Controllers */ = {
			isa = PBXGroup;
			children = (
				A602328127433BBE008B339B /* BookTableViewController.swift */,
			);
			path = Controllers;
			sourceTree = "<group>";
		};
		A602328527433BFD008B339B /* Utils */ = {
			isa = PBXGroup;
			children = (
			);
			path = Utils;
			sourceTree = "<group>";
		};
/* End PBXGroup section */

/* Begin PBXNativeTarget section */
		A602326727433B1E008B339B /* BookFinderWithCodable1 */ = {
			isa = PBXNativeTarget;
			buildConfigurationList = A602327C27433B20008B339B /* Build configuration list for PBXNativeTarget "BookFinderWithCodable1" */;
			buildPhases = (
				A602326427433B1E008B339B /* Sources */,
				A602326527433B1E008B339B /* Frameworks */,
				A602326627433B1E008B339B /* Resources */,
			);
			buildRules = (
			);
			dependencies = (
			);
			name = BookFinderWithCodable1;
			packageProductDependencies = (
				A6023289274342BF008B339B /* Alamofire */,
				A602328C27435AB5008B339B /* SDWebImage */,
			);
			productName = BookFinderWithCodable1;
			productReference = A602326827433B1E008B339B /* BookFinderWithCodable1.app */;
			productType = "com.apple.product-type.application";
		};
/* End PBXNativeTarget section */

/* Begin PBXProject section */
		A602326027433B1D008B339B /* Project object */ = {
			isa = PBXProject;
			attributes = {
				BuildIndependentTargetsInParallel = 1;
				LastSwiftUpdateCheck = 1310;
				LastUpgradeCheck = 1310;
				TargetAttributes = {
					A602326727433B1E008B339B = {
						CreatedOnToolsVersion = 13.1;
					};
				};
			};
			buildConfigurationList = A602326327433B1D008B339B /* Build configuration list for PBXProject "BookFinderWithCodable1" */;
			compatibilityVersion = "Xcode 13.0";
			developmentRegion = en;
			hasScannedForEncodings = 0;
			knownRegions = (
				en,
				Base,
			);
			mainGroup = A602325F27433B1D008B339B;
			packageReferences = (
				A6023288274342BF008B339B /* XCRemoteSwiftPackageReference "Alamofire" */,
				A602328B27435AB5008B339B /* XCRemoteSwiftPackageReference "SDWebImage" */,
			);
			productRefGroup = A602326927433B1E008B339B /* Products */;
			projectDirPath = "";
			projectRoot = "";
			targets = (
				A602326727433B1E008B339B /* BookFinderWithCodable1 */,
			);
		};
/* End PBXProject section */

/* Begin PBXResourcesBuildPhase section */
		A602326627433B1E008B339B /* Resources */ = {
			isa = PBXResourcesBuildPhase;
			buildActionMask = 2147483647;
			files = (
				A602327827433B20008B339B /* LaunchScreen.storyboard in Resources */,
				A602327527433B20008B339B /* Assets.xcassets in Resources */,
				A602327327433B1E008B339B /* Main.storyboard in Resources */,
			);
			runOnlyForDeploymentPostprocessing = 0;
		};
/* End PBXResourcesBuildPhase section */

/* Begin PBXSourcesBuildPhase section */
		A602326427433B1E008B339B /* Sources */ = {
			isa = PBXSourcesBuildPhase;
			buildActionMask = 2147483647;
			files = (
				A602328727433D40008B339B /* BookFinderModels.swift in Sources */,
				A602326C27433B1E008B339B /* AppDelegate.swift in Sources */,
				A602328227433BBE008B339B /* BookTableViewController.swift in Sources */,
				A602326E27433B1E008B339B /* SceneDelegate.swift in Sources */,
			);
			runOnlyForDeploymentPostprocessing = 0;
		};
/* End PBXSourcesBuildPhase section */

/* Begin PBXVariantGroup section */
		A602327127433B1E008B339B /* Main.storyboard */ = {
			isa = PBXVariantGroup;
			children = (
				A602327227433B1E008B339B /* Base */,
			);
			name = Main.storyboard;
			sourceTree = "<group>";
		};
		A602327627433B20008B339B /* LaunchScreen.storyboard */ = {
			isa = PBXVariantGroup;
			children = (
				A602327727433B20008B339B /* Base */,
			);
			name = LaunchScreen.storyboard;
			sourceTree = "<group>";
		};
/* End PBXVariantGroup section */

/* Begin XCBuildConfiguration section */
		A602327A27433B20008B339B /* Debug */ = {
			isa = XCBuildConfiguration;
			buildSettings = {
				ALWAYS_SEARCH_USER_PATHS = NO;
				CLANG_ANALYZER_NONNULL = YES;
				CLANG_ANALYZER_NUMBER_OBJECT_CONVERSION = YES_AGGRESSIVE;
				CLANG_CXX_LANGUAGE_STANDARD = "gnu++17";
				CLANG_CXX_LIBRARY = "libc++";
				CLANG_ENABLE_MODULES = YES;
				CLANG_ENABLE_OBJC_ARC = YES;
				CLANG_ENABLE_OBJC_WEAK = YES;
				CLANG_WARN_BLOCK_CAPTURE_AUTORELEASING = YES;
				CLANG_WARN_BOOL_CONVERSION = YES;
				CLANG_WARN_COMMA = YES;
				CLANG_WARN_CONSTANT_CONVERSION = YES;
				CLANG_WARN_DEPRECATED_OBJC_IMPLEMENTATIONS = YES;
				CLANG_WARN_DIRECT_OBJC_ISA_USAGE = YES_ERROR;
				CLANG_WARN_DOCUMENTATION_COMMENTS = YES;
				CLANG_WARN_EMPTY_BODY = YES;
				CLANG_WARN_ENUM_CONVERSION = YES;
				CLANG_WARN_INFINITE_RECURSION = YES;
				CLANG_WARN_INT_CONVERSION = YES;
				CLANG_WARN_NON_LITERAL_NULL_CONVERSION = YES;
				CLANG_WARN_OBJC_IMPLICIT_RETAIN_SELF = YES;
				CLANG_WARN_OBJC_LITERAL_CONVERSION = YES;
				CLANG_WARN_OBJC_ROOT_CLASS = YES_ERROR;
				CLANG_WARN_QUOTED_INCLUDE_IN_FRAMEWORK_HEADER = YES;
				CLANG_WARN_RANGE_LOOP_ANALYSIS = YES;
				CLANG_WARN_STRICT_PROTOTYPES = YES;
				CLANG_WARN_SUSPICIOUS_MOVE = YES;
				CLANG_WARN_UNGUARDED_AVAILABILITY = YES_AGGRESSIVE;
				CLANG_WARN_UNREACHABLE_CODE = YES;
				CLANG_WARN__DUPLICATE_METHOD_MATCH = YES;
				COPY_PHASE_STRIP = NO;
				DEBUG_INFORMATION_FORMAT = dwarf;
				ENABLE_STRICT_OBJC_MSGSEND = YES;
				ENABLE_TESTABILITY = YES;
				GCC_C_LANGUAGE_STANDARD = gnu11;
				GCC_DYNAMIC_NO_PIC = NO;
				GCC_NO_COMMON_BLOCKS = YES;
				GCC_OPTIMIZATION_LEVEL = 0;
				GCC_PREPROCESSOR_DEFINITIONS = (
					"DEBUG=1",
					"$(inherited)",
				);
				GCC_WARN_64_TO_32_BIT_CONVERSION = YES;
				GCC_WARN_ABOUT_RETURN_TYPE = YES_ERROR;
				GCC_WARN_UNDECLARED_SELECTOR = YES;
				GCC_WARN_UNINITIALIZED_AUTOS = YES_AGGRESSIVE;
				GCC_WARN_UNUSED_FUNCTION = YES;
				GCC_WARN_UNUSED_VARIABLE = YES;
				IPHONEOS_DEPLOYMENT_TARGET = 15.0;
				MTL_ENABLE_DEBUG_INFO = INCLUDE_SOURCE;
				MTL_FAST_MATH = YES;
				ONLY_ACTIVE_ARCH = YES;
				SDKROOT = iphoneos;
				SWIFT_ACTIVE_COMPILATION_CONDITIONS = DEBUG;
				SWIFT_OPTIMIZATION_LEVEL = "-Onone";
			};
			name = Debug;
		};
		A602327B27433B20008B339B /* Release */ = {
			isa = XCBuildConfiguration;
			buildSettings = {
				ALWAYS_SEARCH_USER_PATHS = NO;
				CLANG_ANALYZER_NONNULL = YES;
				CLANG_ANALYZER_NUMBER_OBJECT_CONVERSION = YES_AGGRESSIVE;
				CLANG_CXX_LANGUAGE_STANDARD = "gnu++17";
				CLANG_CXX_LIBRARY = "libc++";
				CLANG_ENABLE_MODULES = YES;
				CLANG_ENABLE_OBJC_ARC = YES;
				CLANG_ENABLE_OBJC_WEAK = YES;
				CLANG_WARN_BLOCK_CAPTURE_AUTORELEASING = YES;
				CLANG_WARN_BOOL_CONVERSION = YES;
				CLANG_WARN_COMMA = YES;
				CLANG_WARN_CONSTANT_CONVERSION = YES;
				CLANG_WARN_DEPRECATED_OBJC_IMPLEMENTATIONS = YES;
				CLANG_WARN_DIRECT_OBJC_ISA_USAGE = YES_ERROR;
				CLANG_WARN_DOCUMENTATION_COMMENTS = YES;
				CLANG_WARN_EMPTY_BODY = YES;
				CLANG_WARN_ENUM_CONVERSION = YES;
				CLANG_WARN_INFINITE_RECURSION = YES;
				CLANG_WARN_INT_CONVERSION = YES;
				CLANG_WARN_NON_LITERAL_NULL_CONVERSION = YES;
				CLANG_WARN_OBJC_IMPLICIT_RETAIN_SELF = YES;
				CLANG_WARN_OBJC_LITERAL_CONVERSION = YES;
				CLANG_WARN_OBJC_ROOT_CLASS = YES_ERROR;
				CLANG_WARN_QUOTED_INCLUDE_IN_FRAMEWORK_HEADER = YES;
				CLANG_WARN_RANGE_LOOP_ANALYSIS = YES;
				CLANG_WARN_STRICT_PROTOTYPES = YES;
				CLANG_WARN_SUSPICIOUS_MOVE = YES;
				CLANG_WARN_UNGUARDED_AVAILABILITY = YES_AGGRESSIVE;
				CLANG_WARN_UNREACHABLE_CODE = YES;
				CLANG_WARN__DUPLICATE_METHOD_MATCH = YES;
				COPY_PHASE_STRIP = NO;
				DEBUG_INFORMATION_FORMAT = "dwarf-with-dsym";
				ENABLE_NS_ASSERTIONS = NO;
				ENABLE_STRICT_OBJC_MSGSEND = YES;
				GCC_C_LANGUAGE_STANDARD = gnu11;
				GCC_NO_COMMON_BLOCKS = YES;
				GCC_WARN_64_TO_32_BIT_CONVERSION = YES;
				GCC_WARN_ABOUT_RETURN_TYPE = YES_ERROR;
				GCC_WARN_UNDECLARED_SELECTOR = YES;
				GCC_WARN_UNINITIALIZED_AUTOS = YES_AGGRESSIVE;
				GCC_WARN_UNUSED_FUNCTION = YES;
				GCC_WARN_UNUSED_VARIABLE = YES;
				IPHONEOS_DEPLOYMENT_TARGET = 15.0;
				MTL_ENABLE_DEBUG_INFO = NO;
				MTL_FAST_MATH = YES;
				SDKROOT = iphoneos;
				SWIFT_COMPILATION_MODE = wholemodule;
				SWIFT_OPTIMIZATION_LEVEL = "-O";
				VALIDATE_PRODUCT = YES;
			};
			name = Release;
		};
		A602327D27433B20008B339B /* Debug */ = {
			isa = XCBuildConfiguration;
			buildSettings = {
				ASSETCATALOG_COMPILER_APPICON_NAME = AppIcon;
				ASSETCATALOG_COMPILER_GLOBAL_ACCENT_COLOR_NAME = AccentColor;
				CODE_SIGN_STYLE = Automatic;
				CURRENT_PROJECT_VERSION = 1;
				DEVELOPMENT_TEAM = MDV2NCKC37;
				GENERATE_INFOPLIST_FILE = YES;
				INFOPLIST_FILE = BookFinderWithCodable1/Info.plist;
				INFOPLIST_KEY_UIApplicationSupportsIndirectInputEvents = YES;
				INFOPLIST_KEY_UILaunchStoryboardName = LaunchScreen;
				INFOPLIST_KEY_UIMainStoryboardFile = Main;
				INFOPLIST_KEY_UISupportedInterfaceOrientations_iPad = "UIInterfaceOrientationPortrait UIInterfaceOrientationPortraitUpsideDown UIInterfaceOrientationLandscapeLeft UIInterfaceOrientationLandscapeRight";
				INFOPLIST_KEY_UISupportedInterfaceOrientations_iPhone = "UIInterfaceOrientationPortrait UIInterfaceOrientationLandscapeLeft UIInterfaceOrientationLandscapeRight";
				LD_RUNPATH_SEARCH_PATHS = (
					"$(inherited)",
					"@executable_path/Frameworks",
				);
				MARKETING_VERSION = 1.0;
				PRODUCT_BUNDLE_IDENTIFIER = kr.go.womansup.late2021.lyr.BookFinderWithCodable1;
				PRODUCT_NAME = "$(TARGET_NAME)";
				SWIFT_EMIT_LOC_STRINGS = YES;
				SWIFT_VERSION = 5.0;
				TARGETED_DEVICE_FAMILY = "1,2";
			};
			name = Debug;
		};
		A602327E27433B20008B339B /* Release */ = {
			isa = XCBuildConfiguration;
			buildSettings = {
				ASSETCATALOG_COMPILER_APPICON_NAME = AppIcon;
				ASSETCATALOG_COMPILER_GLOBAL_ACCENT_COLOR_NAME = AccentColor;
				CODE_SIGN_STYLE = Automatic;
				CURRENT_PROJECT_VERSION = 1;
				DEVELOPMENT_TEAM = MDV2NCKC37;
				GENERATE_INFOPLIST_FILE = YES;
				INFOPLIST_FILE = BookFinderWithCodable1/Info.plist;
				INFOPLIST_KEY_UIApplicationSupportsIndirectInputEvents = YES;
				INFOPLIST_KEY_UILaunchStoryboardName = LaunchScreen;
				INFOPLIST_KEY_UIMainStoryboardFile = Main;
				INFOPLIST_KEY_UISupportedInterfaceOrientations_iPad = "UIInterfaceOrientationPortrait UIInterfaceOrientationPortraitUpsideDown UIInterfaceOrientationLandscapeLeft UIInterfaceOrientationLandscapeRight";
				INFOPLIST_KEY_UISupportedInterfaceOrientations_iPhone = "UIInterfaceOrientationPortrait UIInterfaceOrientationLandscapeLeft UIInterfaceOrientationLandscapeRight";
				LD_RUNPATH_SEARCH_PATHS = (
					"$(inherited)",
					"@executable_path/Frameworks",
				);
				MARKETING_VERSION = 1.0;
				PRODUCT_BUNDLE_IDENTIFIER = kr.go.womansup.late2021.lyr.BookFinderWithCodable1;
				PRODUCT_NAME = "$(TARGET_NAME)";
				SWIFT_EMIT_LOC_STRINGS = YES;
				SWIFT_VERSION = 5.0;
				TARGETED_DEVICE_FAMILY = "1,2";
			};
			name = Release;
		};
/* End XCBuildConfiguration section */

/* Begin XCConfigurationList section */
		A602326327433B1D008B339B /* Build configuration list for PBXProject "BookFinderWithCodable1" */ = {
			isa = XCConfigurationList;
			buildConfigurations = (
				A602327A27433B20008B339B /* Debug */,
				A602327B27433B20008B339B /* Release */,
			);
			defaultConfigurationIsVisible = 0;
			defaultConfigurationName = Release;
		};
		A602327C27433B20008B339B /* Build configuration list for PBXNativeTarget "BookFinderWithCodable1" */ = {
			isa = XCConfigurationList;
			buildConfigurations = (
				A602327D27433B20008B339B /* Debug */,
				A602327E27433B20008B339B /* Release */,
			);
			defaultConfigurationIsVisible = 0;
			defaultConfigurationName = Release;
		};
/* End XCConfigurationList section */

/* Begin XCRemoteSwiftPackageReference section */
		A6023288274342BF008B339B /* XCRemoteSwiftPackageReference "Alamofire" */ = {
			isa = XCRemoteSwiftPackageReference;
			repositoryURL = "https://github.com/Alamofire/Alamofire.git";
			requirement = {
				kind = upToNextMajorVersion;
				minimumVersion = 5.0.0;
			};
		};
		A602328B27435AB5008B339B /* XCRemoteSwiftPackageReference "SDWebImage" */ = {
			isa = XCRemoteSwiftPackageReference;
			repositoryURL = "https://github.com/SDWebImage/SDWebImage.git";
			requirement = {
				kind = upToNextMajorVersion;
				minimumVersion = 5.0.0;
			};
		};
/* End XCRemoteSwiftPackageReference section */

/* Begin XCSwiftPackageProductDependency section */
		A6023289274342BF008B339B /* Alamofire */ = {
			isa = XCSwiftPackageProductDependency;
			package = A6023288274342BF008B339B /* XCRemoteSwiftPackageReference "Alamofire" */;
			productName = Alamofire;
		};
		A602328C27435AB5008B339B /* SDWebImage */ = {
			isa = XCSwiftPackageProductDependency;
			package = A602328B27435AB5008B339B /* XCRemoteSwiftPackageReference "SDWebImage" */;
			productName = SDWebImage;
		};
/* End XCSwiftPackageProductDependency section */
	};
	rootObject = A602326027433B1D008B339B /* Project object */;
}
