// !$*UTF8*$!
{
	archiveVersion = 1;
	classes = {
	};
	objectVersion = 50;
	objects = {

/* Begin PBXBuildFile section */
		BBC6C2B926E34E2E00A121B4 /* AppDelegate.swift in Sources */ = {isa = PBXBuildFile; fileRef = BBC6C2B826E34E2E00A121B4 /* AppDelegate.swift */; };
		BBC6C2BB26E34E2E00A121B4 /* art.scnassets in Resources */ = {isa = PBXBuildFile; fileRef = BBC6C2BA26E34E2E00A121B4 /* art.scnassets */; };
		BBC6C2BD26E34E2E00A121B4 /* ViewController.swift in Sources */ = {isa = PBXBuildFile; fileRef = BBC6C2BC26E34E2E00A121B4 /* ViewController.swift */; };
		BBC6C2C026E34E2E00A121B4 /* Main.storyboard in Resources */ = {isa = PBXBuildFile; fileRef = BBC6C2BE26E34E2E00A121B4 /* Main.storyboard */; };
		BBC6C2C226E34E3000A121B4 /* Assets.xcassets in Resources */ = {isa = PBXBuildFile; fileRef = BBC6C2C126E34E3000A121B4 /* Assets.xcassets */; };
		BBC6C2C526E34E3000A121B4 /* LaunchScreen.storyboard in Resources */ = {isa = PBXBuildFile; fileRef = BBC6C2C326E34E3000A121B4 /* LaunchScreen.storyboard */; };
		BBEB56222702B22400D52014 /* bts.plist in Resources */ = {isa = PBXBuildFile; fileRef = BBEB56212702B22400D52014 /* bts.plist */; };
		BBEB56242702BD7D00D52014 /* BTSTableViewController.swift in Sources */ = {isa = PBXBuildFile; fileRef = BBEB56232702BD7D00D52014 /* BTSTableViewController.swift */; };
/* End PBXBuildFile section */

/* Begin PBXFileReference section */
		BBC6C2B526E34E2E00A121B4 /* firstTestAR.app */ = {isa = PBXFileReference; explicitFileType = wrapper.application; includeInIndex = 0; path = firstTestAR.app; sourceTree = BUILT_PRODUCTS_DIR; };
		BBC6C2B826E34E2E00A121B4 /* AppDelegate.swift */ = {isa = PBXFileReference; lastKnownFileType = sourcecode.swift; path = AppDelegate.swift; sourceTree = "<group>"; };
		BBC6C2BA26E34E2E00A121B4 /* art.scnassets */ = {isa = PBXFileReference; lastKnownFileType = wrapper.scnassets; path = art.scnassets; sourceTree = "<group>"; };
		BBC6C2BC26E34E2E00A121B4 /* ViewController.swift */ = {isa = PBXFileReference; lastKnownFileType = sourcecode.swift; path = ViewController.swift; sourceTree = "<group>"; };
		BBC6C2BF26E34E2E00A121B4 /* Base */ = {isa = PBXFileReference; lastKnownFileType = file.storyboard; name = Base; path = Base.lproj/Main.storyboard; sourceTree = "<group>"; };
		BBC6C2C126E34E3000A121B4 /* Assets.xcassets */ = {isa = PBXFileReference; lastKnownFileType = folder.assetcatalog; path = Assets.xcassets; sourceTree = "<group>"; };
		BBC6C2C426E34E3000A121B4 /* Base */ = {isa = PBXFileReference; lastKnownFileType = file.storyboard; name = Base; path = Base.lproj/LaunchScreen.storyboard; sourceTree = "<group>"; };
		BBC6C2C626E34E3000A121B4 /* Info.plist */ = {isa = PBXFileReference; lastKnownFileType = text.plist.xml; path = Info.plist; sourceTree = "<group>"; };
		BBEB56212702B22400D52014 /* bts.plist */ = {isa = PBXFileReference; lastKnownFileType = text.plist.xml; path = bts.plist; sourceTree = "<group>"; };
		BBEB56232702BD7D00D52014 /* BTSTableViewController.swift */ = {isa = PBXFileReference; lastKnownFileType = sourcecode.swift; path = BTSTableViewController.swift; sourceTree = "<group>"; };
/* End PBXFileReference section */

/* Begin PBXFrameworksBuildPhase section */
		BBC6C2B226E34E2E00A121B4 /* Frameworks */ = {
			isa = PBXFrameworksBuildPhase;
			buildActionMask = 2147483647;
			files = (
			);
			runOnlyForDeploymentPostprocessing = 0;
		};
/* End PBXFrameworksBuildPhase section */

/* Begin PBXGroup section */
		BBC6C2AC26E34E2E00A121B4 = {
			isa = PBXGroup;
			children = (
				BBC6C2B726E34E2E00A121B4 /* firstTestAR */,
				BBC6C2B626E34E2E00A121B4 /* Products */,
			);
			sourceTree = "<group>";
		};
		BBC6C2B626E34E2E00A121B4 /* Products */ = {
			isa = PBXGroup;
			children = (
				BBC6C2B526E34E2E00A121B4 /* firstTestAR.app */,
			);
			name = Products;
			sourceTree = "<group>";
		};
		BBC6C2B726E34E2E00A121B4 /* firstTestAR */ = {
			isa = PBXGroup;
			children = (
				BBC6C2B826E34E2E00A121B4 /* AppDelegate.swift */,
				BBC6C2BA26E34E2E00A121B4 /* art.scnassets */,
				BBC6C2BC26E34E2E00A121B4 /* ViewController.swift */,
				BBC6C2BE26E34E2E00A121B4 /* Main.storyboard */,
				BBC6C2C126E34E3000A121B4 /* Assets.xcassets */,
				BBC6C2C326E34E3000A121B4 /* LaunchScreen.storyboard */,
				BBC6C2C626E34E3000A121B4 /* Info.plist */,
				BBEB56212702B22400D52014 /* bts.plist */,
				BBEB56232702BD7D00D52014 /* BTSTableViewController.swift */,
			);
			path = firstTestAR;
			sourceTree = "<group>";
		};
/* End PBXGroup section */

/* Begin PBXNativeTarget section */
		BBC6C2B426E34E2E00A121B4 /* firstTestAR */ = {
			isa = PBXNativeTarget;
			buildConfigurationList = BBC6C2C926E34E3000A121B4 /* Build configuration list for PBXNativeTarget "firstTestAR" */;
			buildPhases = (
				BBC6C2B126E34E2E00A121B4 /* Sources */,
				BBC6C2B226E34E2E00A121B4 /* Frameworks */,
				BBC6C2B326E34E2E00A121B4 /* Resources */,
			);
			buildRules = (
			);
			dependencies = (
			);
			name = firstTestAR;
			productName = firstTestAR;
			productReference = BBC6C2B526E34E2E00A121B4 /* firstTestAR.app */;
			productType = "com.apple.product-type.application";
		};
/* End PBXNativeTarget section */

/* Begin PBXProject section */
		BBC6C2AD26E34E2E00A121B4 /* Project object */ = {
			isa = PBXProject;
			attributes = {
				LastSwiftUpdateCheck = 1010;
				LastUpgradeCheck = 1010;
				ORGANIZATIONNAME = "Heejin Jo";
				TargetAttributes = {
					BBC6C2B426E34E2E00A121B4 = {
						CreatedOnToolsVersion = 10.1;
					};
				};
			};
			buildConfigurationList = BBC6C2B026E34E2E00A121B4 /* Build configuration list for PBXProject "firstTestAR" */;
			compatibilityVersion = "Xcode 9.3";
			developmentRegion = en;
			hasScannedForEncodings = 0;
			knownRegions = (
				en,
				Base,
			);
			mainGroup = BBC6C2AC26E34E2E00A121B4;
			productRefGroup = BBC6C2B626E34E2E00A121B4 /* Products */;
			projectDirPath = "";
			projectRoot = "";
			targets = (
				BBC6C2B426E34E2E00A121B4 /* firstTestAR */,
			);
		};
/* End PBXProject section */

/* Begin PBXResourcesBuildPhase section */
		BBC6C2B326E34E2E00A121B4 /* Resources */ = {
			isa = PBXResourcesBuildPhase;
			buildActionMask = 2147483647;
			files = (
				BBC6C2BB26E34E2E00A121B4 /* art.scnassets in Resources */,
				BBC6C2C526E34E3000A121B4 /* LaunchScreen.storyboard in Resources */,
				BBEB56222702B22400D52014 /* bts.plist in Resources */,
				BBC6C2C226E34E3000A121B4 /* Assets.xcassets in Resources */,
				BBC6C2C026E34E2E00A121B4 /* Main.storyboard in Resources */,
			);
			runOnlyForDeploymentPostprocessing = 0;
		};
/* End PBXResourcesBuildPhase section */

/* Begin PBXSourcesBuildPhase section */
		BBC6C2B126E34E2E00A121B4 /* Sources */ = {
			isa = PBXSourcesBuildPhase;
			buildActionMask = 2147483647;
			files = (
				BBC6C2BD26E34E2E00A121B4 /* ViewController.swift in Sources */,
				BBEB56242702BD7D00D52014 /* BTSTableViewController.swift in Sources */,
				BBC6C2B926E34E2E00A121B4 /* AppDelegate.swift in Sources */,
			);
			runOnlyForDeploymentPostprocessing = 0;
		};
/* End PBXSourcesBuildPhase section */

/* Begin PBXVariantGroup section */
		BBC6C2BE26E34E2E00A121B4 /* Main.storyboard */ = {
			isa = PBXVariantGroup;
			children = (
				BBC6C2BF26E34E2E00A121B4 /* Base */,
			);
			name = Main.storyboard;
			sourceTree = "<group>";
		};
		BBC6C2C326E34E3000A121B4 /* LaunchScreen.storyboard */ = {
			isa = PBXVariantGroup;
			children = (
				BBC6C2C426E34E3000A121B4 /* Base */,
			);
			name = LaunchScreen.storyboard;
			sourceTree = "<group>";
		};
/* End PBXVariantGroup section */

/* Begin XCBuildConfiguration section */
		BBC6C2C726E34E3000A121B4 /* Debug */ = {
			isa = XCBuildConfiguration;
			buildSettings = {
				ALWAYS_SEARCH_USER_PATHS = NO;
				CLANG_ANALYZER_NONNULL = YES;
				CLANG_ANALYZER_NUMBER_OBJECT_CONVERSION = YES_AGGRESSIVE;
				CLANG_CXX_LANGUAGE_STANDARD = "gnu++14";
				CLANG_CXX_LIBRARY = "libc++";
				CLANG_ENABLE_MODULES = YES;
				CLANG_ENABLE_OBJC_ARC = YES;
				CLANG_ENABLE_OBJC_WEAK = YES;
				CLANG_WARN_BLOCK_CAPTURE_AUTORELEASING = YES;
				CLANG_WARN_BOOL_CONVERSION = YES;
				CLANG_WARN_COMMA = YES;
				CLANG_WARN_CONSTANT_CONVERSION = YES;
				CLANG_WARN_DEPRECATED_OBJC_IMPLEMENTATIONS = YES;
				CLANG_WARN_DIRECT_OBJC_ISA_USAGE = YES_ERROR;
				CLANG_WARN_DOCUMENTATION_COMMENTS = YES;
				CLANG_WARN_EMPTY_BODY = YES;
				CLANG_WARN_ENUM_CONVERSION = YES;
				CLANG_WARN_INFINITE_RECURSION = YES;
				CLANG_WARN_INT_CONVERSION = YES;
				CLANG_WARN_NON_LITERAL_NULL_CONVERSION = YES;
				CLANG_WARN_OBJC_IMPLICIT_RETAIN_SELF = YES;
				CLANG_WARN_OBJC_LITERAL_CONVERSION = YES;
				CLANG_WARN_OBJC_ROOT_CLASS = YES_ERROR;
				CLANG_WARN_RANGE_LOOP_ANALYSIS = YES;
				CLANG_WARN_STRICT_PROTOTYPES = YES;
				CLANG_WARN_SUSPICIOUS_MOVE = YES;
				CLANG_WARN_UNGUARDED_AVAILABILITY = YES_AGGRESSIVE;
				CLANG_WARN_UNREACHABLE_CODE = YES;
				CLANG_WARN__DUPLICATE_METHOD_MATCH = YES;
				CODE_SIGN_IDENTITY = "iPhone Developer";
				COPY_PHASE_STRIP = NO;
				DEBUG_INFORMATION_FORMAT = dwarf;
				ENABLE_STRICT_OBJC_MSGSEND = YES;
				ENABLE_TESTABILITY = YES;
				GCC_C_LANGUAGE_STANDARD = gnu11;
				GCC_DYNAMIC_NO_PIC = NO;
				GCC_NO_COMMON_BLOCKS = YES;
				GCC_OPTIMIZATION_LEVEL = 0;
				GCC_PREPROCESSOR_DEFINITIONS = (
					"DEBUG=1",
					"$(inherited)",
				);
				GCC_WARN_64_TO_32_BIT_CONVERSION = YES;
				GCC_WARN_ABOUT_RETURN_TYPE = YES_ERROR;
				GCC_WARN_UNDECLARED_SELECTOR = YES;
				GCC_WARN_UNINITIALIZED_AUTOS = YES_AGGRESSIVE;
				GCC_WARN_UNUSED_FUNCTION = YES;
				GCC_WARN_UNUSED_VARIABLE = YES;
				IPHONEOS_DEPLOYMENT_TARGET = 12.1;
				MTL_ENABLE_DEBUG_INFO = INCLUDE_SOURCE;
				MTL_FAST_MATH = YES;
				ONLY_ACTIVE_ARCH = YES;
				SDKROOT = iphoneos;
				SWIFT_ACTIVE_COMPILATION_CONDITIONS = DEBUG;
				SWIFT_OPTIMIZATION_LEVEL = "-Onone";
			};
			name = Debug;
		};
		BBC6C2C826E34E3000A121B4 /* Release */ = {
			isa = XCBuildConfiguration;
			buildSettings = {
				ALWAYS_SEARCH_USER_PATHS = NO;
				CLANG_ANALYZER_NONNULL = YES;
				CLANG_ANALYZER_NUMBER_OBJECT_CONVERSION = YES_AGGRESSIVE;
				CLANG_CXX_LANGUAGE_STANDARD = "gnu++14";
				CLANG_CXX_LIBRARY = "libc++";
				CLANG_ENABLE_MODULES = YES;
				CLANG_ENABLE_OBJC_ARC = YES;
				CLANG_ENABLE_OBJC_WEAK = YES;
				CLANG_WARN_BLOCK_CAPTURE_AUTORELEASING = YES;
				CLANG_WARN_BOOL_CONVERSION = YES;
				CLANG_WARN_COMMA = YES;
				CLANG_WARN_CONSTANT_CONVERSION = YES;
				CLANG_WARN_DEPRECATED_OBJC_IMPLEMENTATIONS = YES;
				CLANG_WARN_DIRECT_OBJC_ISA_USAGE = YES_ERROR;
				CLANG_WARN_DOCUMENTATION_COMMENTS = YES;
				CLANG_WARN_EMPTY_BODY = YES;
				CLANG_WARN_ENUM_CONVERSION = YES;
				CLANG_WARN_INFINITE_RECURSION = YES;
				CLANG_WARN_INT_CONVERSION = YES;
				CLANG_WARN_NON_LITERAL_NULL_CONVERSION = YES;
				CLANG_WARN_OBJC_IMPLICIT_RETAIN_SELF = YES;
				CLANG_WARN_OBJC_LITERAL_CONVERSION = YES;
				CLANG_WARN_OBJC_ROOT_CLASS = YES_ERROR;
				CLANG_WARN_RANGE_LOOP_ANALYSIS = YES;
				CLANG_WARN_STRICT_PROTOTYPES = YES;
				CLANG_WARN_SUSPICIOUS_MOVE = YES;
				CLANG_WARN_UNGUARDED_AVAILABILITY = YES_AGGRESSIVE;
				CLANG_WARN_UNREACHABLE_CODE = YES;
				CLANG_WARN__DUPLICATE_METHOD_MATCH = YES;
				CODE_SIGN_IDENTITY = "iPhone Developer";
				COPY_PHASE_STRIP = NO;
				DEBUG_INFORMATION_FORMAT = "dwarf-with-dsym";
				ENABLE_NS_ASSERTIONS = NO;
				ENABLE_STRICT_OBJC_MSGSEND = YES;
				GCC_C_LANGUAGE_STANDARD = gnu11;
				GCC_NO_COMMON_BLOCKS = YES;
				GCC_WARN_64_TO_32_BIT_CONVERSION = YES;
				GCC_WARN_ABOUT_RETURN_TYPE = YES_ERROR;
				GCC_WARN_UNDECLARED_SELECTOR = YES;
				GCC_WARN_UNINITIALIZED_AUTOS = YES_AGGRESSIVE;
				GCC_WARN_UNUSED_FUNCTION = YES;
				GCC_WARN_UNUSED_VARIABLE = YES;
				IPHONEOS_DEPLOYMENT_TARGET = 12.1;
				MTL_ENABLE_DEBUG_INFO = NO;
				MTL_FAST_MATH = YES;
				SDKROOT = iphoneos;
				SWIFT_COMPILATION_MODE = wholemodule;
				SWIFT_OPTIMIZATION_LEVEL = "-O";
				VALIDATE_PRODUCT = YES;
			};
			name = Release;
		};
		BBC6C2CA26E34E3000A121B4 /* Debug */ = {
			isa = XCBuildConfiguration;
			buildSettings = {
				ASSETCATALOG_COMPILER_APPICON_NAME = AppIcon;
				CODE_SIGN_STYLE = Automatic;
				DEVELOPMENT_TEAM = PT69WLF486;
				INFOPLIST_FILE = firstTestAR/Info.plist;
				LD_RUNPATH_SEARCH_PATHS = (
					"$(inherited)",
					"@executable_path/Frameworks",
				);
				PRODUCT_BUNDLE_IDENTIFIER = com.tableViewTest.firstTestAR;
				PRODUCT_NAME = "$(TARGET_NAME)";
				SWIFT_VERSION = 4.2;
				TARGETED_DEVICE_FAMILY = "1,2";
			};
			name = Debug;
		};
		BBC6C2CB26E34E3000A121B4 /* Release */ = {
			isa = XCBuildConfiguration;
			buildSettings = {
				ASSETCATALOG_COMPILER_APPICON_NAME = AppIcon;
				CODE_SIGN_STYLE = Automatic;
				DEVELOPMENT_TEAM = PT69WLF486;
				INFOPLIST_FILE = firstTestAR/Info.plist;
				LD_RUNPATH_SEARCH_PATHS = (
					"$(inherited)",
					"@executable_path/Frameworks",
				);
				PRODUCT_BUNDLE_IDENTIFIER = com.tableViewTest.firstTestAR;
				PRODUCT_NAME = "$(TARGET_NAME)";
				SWIFT_VERSION = 4.2;
				TARGETED_DEVICE_FAMILY = "1,2";
			};
			name = Release;
		};
/* End XCBuildConfiguration section */

/* Begin XCConfigurationList section */
		BBC6C2B026E34E2E00A121B4 /* Build configuration list for PBXProject "firstTestAR" */ = {
			isa = XCConfigurationList;
			buildConfigurations = (
				BBC6C2C726E34E3000A121B4 /* Debug */,
				BBC6C2C826E34E3000A121B4 /* Release */,
			);
			defaultConfigurationIsVisible = 0;
			defaultConfigurationName = Release;
		};
		BBC6C2C926E34E3000A121B4 /* Build configuration list for PBXNativeTarget "firstTestAR" */ = {
			isa = XCConfigurationList;
			buildConfigurations = (
				BBC6C2CA26E34E3000A121B4 /* Debug */,
				BBC6C2CB26E34E3000A121B4 /* Release */,
			);
			defaultConfigurationIsVisible = 0;
			defaultConfigurationName = Release;
		};
/* End XCConfigurationList section */
	};
	rootObject = BBC6C2AD26E34E2E00A121B4 /* Project object */;
}
