// !$*UTF8*$!
{
	archiveVersion = 1;
	classes = {
	};
	objectVersion = 55;
	objects = {

/* Begin PBXBuildFile section */
		C876485B2746189000999D9D /* Landmarks_classApp.swift in Sources */ = {isa = PBXBuildFile; fileRef = C876485A2746189000999D9D /* Landmarks_classApp.swift */; };
		C876485D2746189000999D9D /* ContentView.swift in Sources */ = {isa = PBXBuildFile; fileRef = C876485C2746189000999D9D /* ContentView.swift */; };
		C876485F2746189200999D9D /* Assets.xcassets in Resources */ = {isa = PBXBuildFile; fileRef = C876485E2746189200999D9D /* Assets.xcassets */; };
		C87648622746189200999D9D /* Preview Assets.xcassets in Resources */ = {isa = PBXBuildFile; fileRef = C87648612746189200999D9D /* Preview Assets.xcassets */; };
		C876486927461A9400999D9D /* landmarkData.json in Resources */ = {isa = PBXBuildFile; fileRef = C876486827461A9400999D9D /* landmarkData.json */; };
		C876486B27461BF100999D9D /* CircleImage.swift in Sources */ = {isa = PBXBuildFile; fileRef = C876486A27461BF100999D9D /* CircleImage.swift */; };
		C876486F27461DF700999D9D /* MapView.swift in Sources */ = {isa = PBXBuildFile; fileRef = C876486E27461DF700999D9D /* MapView.swift */; };
		C8831C64274625EC00F35EED /* Landmark.swift in Sources */ = {isa = PBXBuildFile; fileRef = C8831C63274625EC00F35EED /* Landmark.swift */; };
		C8831C6627462A5C00F35EED /* ModelData.swift in Sources */ = {isa = PBXBuildFile; fileRef = C8831C6527462A5C00F35EED /* ModelData.swift */; };
		C8831C68274632E400F35EED /* LandmarkRow.swift in Sources */ = {isa = PBXBuildFile; fileRef = C8831C67274632E400F35EED /* LandmarkRow.swift */; };
		C8831C6A274633F000F35EED /* LandmarkList.swift in Sources */ = {isa = PBXBuildFile; fileRef = C8831C69274633F000F35EED /* LandmarkList.swift */; };
		C8831C6C274635F100F35EED /* LandmarkDetail.swift in Sources */ = {isa = PBXBuildFile; fileRef = C8831C6B274635F100F35EED /* LandmarkDetail.swift */; };
/* End PBXBuildFile section */

/* Begin PBXFileReference section */
		C87648572746189000999D9D /* Landmarks_class.app */ = {isa = PBXFileReference; explicitFileType = wrapper.application; includeInIndex = 0; path = Landmarks_class.app; sourceTree = BUILT_PRODUCTS_DIR; };
		C876485A2746189000999D9D /* Landmarks_classApp.swift */ = {isa = PBXFileReference; lastKnownFileType = sourcecode.swift; path = Landmarks_classApp.swift; sourceTree = "<group>"; };
		C876485C2746189000999D9D /* ContentView.swift */ = {isa = PBXFileReference; lastKnownFileType = sourcecode.swift; path = ContentView.swift; sourceTree = "<group>"; };
		C876485E2746189200999D9D /* Assets.xcassets */ = {isa = PBXFileReference; lastKnownFileType = folder.assetcatalog; path = Assets.xcassets; sourceTree = "<group>"; };
		C87648612746189200999D9D /* Preview Assets.xcassets */ = {isa = PBXFileReference; lastKnownFileType = folder.assetcatalog; path = "Preview Assets.xcassets"; sourceTree = "<group>"; };
		C876486827461A9400999D9D /* landmarkData.json */ = {isa = PBXFileReference; fileEncoding = 4; lastKnownFileType = text.json; path = landmarkData.json; sourceTree = "<group>"; };
		C876486A27461BF100999D9D /* CircleImage.swift */ = {isa = PBXFileReference; lastKnownFileType = sourcecode.swift; path = CircleImage.swift; sourceTree = "<group>"; };
		C876486E27461DF700999D9D /* MapView.swift */ = {isa = PBXFileReference; lastKnownFileType = sourcecode.swift; path = MapView.swift; sourceTree = "<group>"; };
		C8831C63274625EC00F35EED /* Landmark.swift */ = {isa = PBXFileReference; lastKnownFileType = sourcecode.swift; path = Landmark.swift; sourceTree = "<group>"; };
		C8831C6527462A5C00F35EED /* ModelData.swift */ = {isa = PBXFileReference; lastKnownFileType = sourcecode.swift; path = ModelData.swift; sourceTree = "<group>"; };
		C8831C67274632E400F35EED /* LandmarkRow.swift */ = {isa = PBXFileReference; lastKnownFileType = sourcecode.swift; path = LandmarkRow.swift; sourceTree = "<group>"; };
		C8831C69274633F000F35EED /* LandmarkList.swift */ = {isa = PBXFileReference; lastKnownFileType = sourcecode.swift; path = LandmarkList.swift; sourceTree = "<group>"; };
		C8831C6B274635F100F35EED /* LandmarkDetail.swift */ = {isa = PBXFileReference; lastKnownFileType = sourcecode.swift; path = LandmarkDetail.swift; sourceTree = "<group>"; };
/* End PBXFileReference section */

/* Begin PBXFrameworksBuildPhase section */
		C87648542746189000999D9D /* Frameworks */ = {
			isa = PBXFrameworksBuildPhase;
			buildActionMask = 2147483647;
			files = (
			);
			runOnlyForDeploymentPostprocessing = 0;
		};
/* End PBXFrameworksBuildPhase section */

/* Begin PBXGroup section */
		C876484E2746189000999D9D = {
			isa = PBXGroup;
			children = (
				C87648592746189000999D9D /* Landmarks_class */,
				C87648582746189000999D9D /* Products */,
			);
			sourceTree = "<group>";
		};
		C87648582746189000999D9D /* Products */ = {
			isa = PBXGroup;
			children = (
				C87648572746189000999D9D /* Landmarks_class.app */,
			);
			name = Products;
			sourceTree = "<group>";
		};
		C87648592746189000999D9D /* Landmarks_class */ = {
			isa = PBXGroup;
			children = (
				C8831C62274625BB00F35EED /* Models */,
				C876485A2746189000999D9D /* Landmarks_classApp.swift */,
				C876486D27461C2200999D9D /* Views */,
				C876486C27461BFF00999D9D /* Resources */,
				C876485E2746189200999D9D /* Assets.xcassets */,
				C87648602746189200999D9D /* Preview Content */,
			);
			path = Landmarks_class;
			sourceTree = "<group>";
		};
		C87648602746189200999D9D /* Preview Content */ = {
			isa = PBXGroup;
			children = (
				C87648612746189200999D9D /* Preview Assets.xcassets */,
			);
			path = "Preview Content";
			sourceTree = "<group>";
		};
		C876486C27461BFF00999D9D /* Resources */ = {
			isa = PBXGroup;
			children = (
				C876486827461A9400999D9D /* landmarkData.json */,
			);
			path = Resources;
			sourceTree = "<group>";
		};
		C876486D27461C2200999D9D /* Views */ = {
			isa = PBXGroup;
			children = (
				C876486A27461BF100999D9D /* CircleImage.swift */,
				C876485C2746189000999D9D /* ContentView.swift */,
				C876486E27461DF700999D9D /* MapView.swift */,
				C8831C67274632E400F35EED /* LandmarkRow.swift */,
				C8831C69274633F000F35EED /* LandmarkList.swift */,
				C8831C6B274635F100F35EED /* LandmarkDetail.swift */,
			);
			path = Views;
			sourceTree = "<group>";
		};
		C8831C62274625BB00F35EED /* Models */ = {
			isa = PBXGroup;
			children = (
				C8831C63274625EC00F35EED /* Landmark.swift */,
				C8831C6527462A5C00F35EED /* ModelData.swift */,
			);
			path = Models;
			sourceTree = "<group>";
		};
/* End PBXGroup section */

/* Begin PBXNativeTarget section */
		C87648562746189000999D9D /* Landmarks_class */ = {
			isa = PBXNativeTarget;
			buildConfigurationList = C87648652746189200999D9D /* Build configuration list for PBXNativeTarget "Landmarks_class" */;
			buildPhases = (
				C87648532746189000999D9D /* Sources */,
				C87648542746189000999D9D /* Frameworks */,
				C87648552746189000999D9D /* Resources */,
			);
			buildRules = (
			);
			dependencies = (
			);
			name = Landmarks_class;
			productName = Landmarks_class;
			productReference = C87648572746189000999D9D /* Landmarks_class.app */;
			productType = "com.apple.product-type.application";
		};
/* End PBXNativeTarget section */

/* Begin PBXProject section */
		C876484F2746189000999D9D /* Project object */ = {
			isa = PBXProject;
			attributes = {
				BuildIndependentTargetsInParallel = 1;
				LastSwiftUpdateCheck = 1310;
				LastUpgradeCheck = 1310;
				TargetAttributes = {
					C87648562746189000999D9D = {
						CreatedOnToolsVersion = 13.1;
					};
				};
			};
			buildConfigurationList = C87648522746189000999D9D /* Build configuration list for PBXProject "Landmarks_class" */;
			compatibilityVersion = "Xcode 13.0";
			developmentRegion = en;
			hasScannedForEncodings = 0;
			knownRegions = (
				en,
				Base,
			);
			mainGroup = C876484E2746189000999D9D;
			productRefGroup = C87648582746189000999D9D /* Products */;
			projectDirPath = "";
			projectRoot = "";
			targets = (
				C87648562746189000999D9D /* Landmarks_class */,
			);
		};
/* End PBXProject section */

/* Begin PBXResourcesBuildPhase section */
		C87648552746189000999D9D /* Resources */ = {
			isa = PBXResourcesBuildPhase;
			buildActionMask = 2147483647;
			files = (
				C87648622746189200999D9D /* Preview Assets.xcassets in Resources */,
				C876485F2746189200999D9D /* Assets.xcassets in Resources */,
				C876486927461A9400999D9D /* landmarkData.json in Resources */,
			);
			runOnlyForDeploymentPostprocessing = 0;
		};
/* End PBXResourcesBuildPhase section */

/* Begin PBXSourcesBuildPhase section */
		C87648532746189000999D9D /* Sources */ = {
			isa = PBXSourcesBuildPhase;
			buildActionMask = 2147483647;
			files = (
				C8831C64274625EC00F35EED /* Landmark.swift in Sources */,
				C876485D2746189000999D9D /* ContentView.swift in Sources */,
				C876486F27461DF700999D9D /* MapView.swift in Sources */,
				C8831C6A274633F000F35EED /* LandmarkList.swift in Sources */,
				C8831C6C274635F100F35EED /* LandmarkDetail.swift in Sources */,
				C876485B2746189000999D9D /* Landmarks_classApp.swift in Sources */,
				C876486B27461BF100999D9D /* CircleImage.swift in Sources */,
				C8831C68274632E400F35EED /* LandmarkRow.swift in Sources */,
				C8831C6627462A5C00F35EED /* ModelData.swift in Sources */,
			);
			runOnlyForDeploymentPostprocessing = 0;
		};
/* End PBXSourcesBuildPhase section */

/* Begin XCBuildConfiguration section */
		C87648632746189200999D9D /* Debug */ = {
			isa = XCBuildConfiguration;
			buildSettings = {
				ALWAYS_SEARCH_USER_PATHS = NO;
				CLANG_ANALYZER_NONNULL = YES;
				CLANG_ANALYZER_NUMBER_OBJECT_CONVERSION = YES_AGGRESSIVE;
				CLANG_CXX_LANGUAGE_STANDARD = "gnu++17";
				CLANG_CXX_LIBRARY = "libc++";
				CLANG_ENABLE_MODULES = YES;
				CLANG_ENABLE_OBJC_ARC = YES;
				CLANG_ENABLE_OBJC_WEAK = YES;
				CLANG_WARN_BLOCK_CAPTURE_AUTORELEASING = YES;
				CLANG_WARN_BOOL_CONVERSION = YES;
				CLANG_WARN_COMMA = YES;
				CLANG_WARN_CONSTANT_CONVERSION = YES;
				CLANG_WARN_DEPRECATED_OBJC_IMPLEMENTATIONS = YES;
				CLANG_WARN_DIRECT_OBJC_ISA_USAGE = YES_ERROR;
				CLANG_WARN_DOCUMENTATION_COMMENTS = YES;
				CLANG_WARN_EMPTY_BODY = YES;
				CLANG_WARN_ENUM_CONVERSION = YES;
				CLANG_WARN_INFINITE_RECURSION = YES;
				CLANG_WARN_INT_CONVERSION = YES;
				CLANG_WARN_NON_LITERAL_NULL_CONVERSION = YES;
				CLANG_WARN_OBJC_IMPLICIT_RETAIN_SELF = YES;
				CLANG_WARN_OBJC_LITERAL_CONVERSION = YES;
				CLANG_WARN_OBJC_ROOT_CLASS = YES_ERROR;
				CLANG_WARN_QUOTED_INCLUDE_IN_FRAMEWORK_HEADER = YES;
				CLANG_WARN_RANGE_LOOP_ANALYSIS = YES;
				CLANG_WARN_STRICT_PROTOTYPES = YES;
				CLANG_WARN_SUSPICIOUS_MOVE = YES;
				CLANG_WARN_UNGUARDED_AVAILABILITY = YES_AGGRESSIVE;
				CLANG_WARN_UNREACHABLE_CODE = YES;
				CLANG_WARN__DUPLICATE_METHOD_MATCH = YES;
				COPY_PHASE_STRIP = NO;
				DEBUG_INFORMATION_FORMAT = dwarf;
				ENABLE_STRICT_OBJC_MSGSEND = YES;
				ENABLE_TESTABILITY = YES;
				GCC_C_LANGUAGE_STANDARD = gnu11;
				GCC_DYNAMIC_NO_PIC = NO;
				GCC_NO_COMMON_BLOCKS = YES;
				GCC_OPTIMIZATION_LEVEL = 0;
				GCC_PREPROCESSOR_DEFINITIONS = (
					"DEBUG=1",
					"$(inherited)",
				);
				GCC_WARN_64_TO_32_BIT_CONVERSION = YES;
				GCC_WARN_ABOUT_RETURN_TYPE = YES_ERROR;
				GCC_WARN_UNDECLARED_SELECTOR = YES;
				GCC_WARN_UNINITIALIZED_AUTOS = YES_AGGRESSIVE;
				GCC_WARN_UNUSED_FUNCTION = YES;
				GCC_WARN_UNUSED_VARIABLE = YES;
				IPHONEOS_DEPLOYMENT_TARGET = 15.0;
				MTL_ENABLE_DEBUG_INFO = INCLUDE_SOURCE;
				MTL_FAST_MATH = YES;
				ONLY_ACTIVE_ARCH = YES;
				SDKROOT = iphoneos;
				SWIFT_ACTIVE_COMPILATION_CONDITIONS = DEBUG;
				SWIFT_OPTIMIZATION_LEVEL = "-Onone";
			};
			name = Debug;
		};
		C87648642746189200999D9D /* Release */ = {
			isa = XCBuildConfiguration;
			buildSettings = {
				ALWAYS_SEARCH_USER_PATHS = NO;
				CLANG_ANALYZER_NONNULL = YES;
				CLANG_ANALYZER_NUMBER_OBJECT_CONVERSION = YES_AGGRESSIVE;
				CLANG_CXX_LANGUAGE_STANDARD = "gnu++17";
				CLANG_CXX_LIBRARY = "libc++";
				CLANG_ENABLE_MODULES = YES;
				CLANG_ENABLE_OBJC_ARC = YES;
				CLANG_ENABLE_OBJC_WEAK = YES;
				CLANG_WARN_BLOCK_CAPTURE_AUTORELEASING = YES;
				CLANG_WARN_BOOL_CONVERSION = YES;
				CLANG_WARN_COMMA = YES;
				CLANG_WARN_CONSTANT_CONVERSION = YES;
				CLANG_WARN_DEPRECATED_OBJC_IMPLEMENTATIONS = YES;
				CLANG_WARN_DIRECT_OBJC_ISA_USAGE = YES_ERROR;
				CLANG_WARN_DOCUMENTATION_COMMENTS = YES;
				CLANG_WARN_EMPTY_BODY = YES;
				CLANG_WARN_ENUM_CONVERSION = YES;
				CLANG_WARN_INFINITE_RECURSION = YES;
				CLANG_WARN_INT_CONVERSION = YES;
				CLANG_WARN_NON_LITERAL_NULL_CONVERSION = YES;
				CLANG_WARN_OBJC_IMPLICIT_RETAIN_SELF = YES;
				CLANG_WARN_OBJC_LITERAL_CONVERSION = YES;
				CLANG_WARN_OBJC_ROOT_CLASS = YES_ERROR;
				CLANG_WARN_QUOTED_INCLUDE_IN_FRAMEWORK_HEADER = YES;
				CLANG_WARN_RANGE_LOOP_ANALYSIS = YES;
				CLANG_WARN_STRICT_PROTOTYPES = YES;
				CLANG_WARN_SUSPICIOUS_MOVE = YES;
				CLANG_WARN_UNGUARDED_AVAILABILITY = YES_AGGRESSIVE;
				CLANG_WARN_UNREACHABLE_CODE = YES;
				CLANG_WARN__DUPLICATE_METHOD_MATCH = YES;
				COPY_PHASE_STRIP = NO;
				DEBUG_INFORMATION_FORMAT = "dwarf-with-dsym";
				ENABLE_NS_ASSERTIONS = NO;
				ENABLE_STRICT_OBJC_MSGSEND = YES;
				GCC_C_LANGUAGE_STANDARD = gnu11;
				GCC_NO_COMMON_BLOCKS = YES;
				GCC_WARN_64_TO_32_BIT_CONVERSION = YES;
				GCC_WARN_ABOUT_RETURN_TYPE = YES_ERROR;
				GCC_WARN_UNDECLARED_SELECTOR = YES;
				GCC_WARN_UNINITIALIZED_AUTOS = YES_AGGRESSIVE;
				GCC_WARN_UNUSED_FUNCTION = YES;
				GCC_WARN_UNUSED_VARIABLE = YES;
				IPHONEOS_DEPLOYMENT_TARGET = 15.0;
				MTL_ENABLE_DEBUG_INFO = NO;
				MTL_FAST_MATH = YES;
				SDKROOT = iphoneos;
				SWIFT_COMPILATION_MODE = wholemodule;
				SWIFT_OPTIMIZATION_LEVEL = "-O";
				VALIDATE_PRODUCT = YES;
			};
			name = Release;
		};
		C87648662746189200999D9D /* Debug */ = {
			isa = XCBuildConfiguration;
			buildSettings = {
				ASSETCATALOG_COMPILER_APPICON_NAME = AppIcon;
				ASSETCATALOG_COMPILER_GLOBAL_ACCENT_COLOR_NAME = AccentColor;
				CODE_SIGN_STYLE = Automatic;
				CURRENT_PROJECT_VERSION = 1;
				DEVELOPMENT_ASSET_PATHS = "\"Landmarks_class/Preview Content\"";
				ENABLE_PREVIEWS = YES;
				GENERATE_INFOPLIST_FILE = YES;
				INFOPLIST_KEY_UIApplicationSceneManifest_Generation = YES;
				INFOPLIST_KEY_UIApplicationSupportsIndirectInputEvents = YES;
				INFOPLIST_KEY_UILaunchScreen_Generation = YES;
				INFOPLIST_KEY_UISupportedInterfaceOrientations_iPad = "UIInterfaceOrientationPortrait UIInterfaceOrientationPortraitUpsideDown UIInterfaceOrientationLandscapeLeft UIInterfaceOrientationLandscapeRight";
				INFOPLIST_KEY_UISupportedInterfaceOrientations_iPhone = "UIInterfaceOrientationPortrait UIInterfaceOrientationLandscapeLeft UIInterfaceOrientationLandscapeRight";
				LD_RUNPATH_SEARCH_PATHS = (
					"$(inherited)",
					"@executable_path/Frameworks",
				);
				MARKETING_VERSION = 1.0;
				PRODUCT_BUNDLE_IDENTIFIER = "com.Underdog.Landmarks-class";
				PRODUCT_NAME = "$(TARGET_NAME)";
				SWIFT_EMIT_LOC_STRINGS = YES;
				SWIFT_VERSION = 5.0;
				TARGETED_DEVICE_FAMILY = "1,2";
			};
			name = Debug;
		};
		C87648672746189200999D9D /* Release */ = {
			isa = XCBuildConfiguration;
			buildSettings = {
				ASSETCATALOG_COMPILER_APPICON_NAME = AppIcon;
				ASSETCATALOG_COMPILER_GLOBAL_ACCENT_COLOR_NAME = AccentColor;
				CODE_SIGN_STYLE = Automatic;
				CURRENT_PROJECT_VERSION = 1;
				DEVELOPMENT_ASSET_PATHS = "\"Landmarks_class/Preview Content\"";
				ENABLE_PREVIEWS = YES;
				GENERATE_INFOPLIST_FILE = YES;
				INFOPLIST_KEY_UIApplicationSceneManifest_Generation = YES;
				INFOPLIST_KEY_UIApplicationSupportsIndirectInputEvents = YES;
				INFOPLIST_KEY_UILaunchScreen_Generation = YES;
				INFOPLIST_KEY_UISupportedInterfaceOrientations_iPad = "UIInterfaceOrientationPortrait UIInterfaceOrientationPortraitUpsideDown UIInterfaceOrientationLandscapeLeft UIInterfaceOrientationLandscapeRight";
				INFOPLIST_KEY_UISupportedInterfaceOrientations_iPhone = "UIInterfaceOrientationPortrait UIInterfaceOrientationLandscapeLeft UIInterfaceOrientationLandscapeRight";
				LD_RUNPATH_SEARCH_PATHS = (
					"$(inherited)",
					"@executable_path/Frameworks",
				);
				MARKETING_VERSION = 1.0;
				PRODUCT_BUNDLE_IDENTIFIER = "com.Underdog.Landmarks-class";
				PRODUCT_NAME = "$(TARGET_NAME)";
				SWIFT_EMIT_LOC_STRINGS = YES;
				SWIFT_VERSION = 5.0;
				TARGETED_DEVICE_FAMILY = "1,2";
			};
			name = Release;
		};
/* End XCBuildConfiguration section */

/* Begin XCConfigurationList section */
		C87648522746189000999D9D /* Build configuration list for PBXProject "Landmarks_class" */ = {
			isa = XCConfigurationList;
			buildConfigurations = (
				C87648632746189200999D9D /* Debug */,
				C87648642746189200999D9D /* Release */,
			);
			defaultConfigurationIsVisible = 0;
			defaultConfigurationName = Release;
		};
		C87648652746189200999D9D /* Build configuration list for PBXNativeTarget "Landmarks_class" */ = {
			isa = XCConfigurationList;
			buildConfigurations = (
				C87648662746189200999D9D /* Debug */,
				C87648672746189200999D9D /* Release */,
			);
			defaultConfigurationIsVisible = 0;
			defaultConfigurationName = Release;
		};
/* End XCConfigurationList section */
	};
	rootObject = C876484F2746189000999D9D /* Project object */;
}
