// !$*UTF8*$!
{
	archiveVersion = 1;
	classes = {
	};
	objectVersion = 55;
	objects = {

/* Begin PBXBuildFile section */
		C8BE9CB0274DE8380034BB1A /* AppDelegate.swift in Sources */ = {isa = PBXBuildFile; fileRef = C8BE9CAF274DE8380034BB1A /* AppDelegate.swift */; };
		C8BE9CB2274DE8380034BB1A /* SceneDelegate.swift in Sources */ = {isa = PBXBuildFile; fileRef = C8BE9CB1274DE8380034BB1A /* SceneDelegate.swift */; };
		C8BE9CB4274DE8380034BB1A /* ViewController.swift in Sources */ = {isa = PBXBuildFile; fileRef = C8BE9CB3274DE8380034BB1A /* ViewController.swift */; };
		C8BE9CB7274DE8380034BB1A /* Main.storyboard in Resources */ = {isa = PBXBuildFile; fileRef = C8BE9CB5274DE8380034BB1A /* Main.storyboard */; };
		C8BE9CB9274DE83A0034BB1A /* Assets.xcassets in Resources */ = {isa = PBXBuildFile; fileRef = C8BE9CB8274DE83A0034BB1A /* Assets.xcassets */; };
		C8BE9CBC274DE83A0034BB1A /* LaunchScreen.storyboard in Resources */ = {isa = PBXBuildFile; fileRef = C8BE9CBA274DE83A0034BB1A /* LaunchScreen.storyboard */; };
		C8BE9CC5274DE9560034BB1A /* FacebookCore in Frameworks */ = {isa = PBXBuildFile; productRef = C8BE9CC4274DE9560034BB1A /* FacebookCore */; };
		C8BE9CC7274DE9560034BB1A /* FacebookLogin in Frameworks */ = {isa = PBXBuildFile; productRef = C8BE9CC6274DE9560034BB1A /* FacebookLogin */; };
/* End PBXBuildFile section */

/* Begin PBXFileReference section */
		C8BE9CAC274DE8380034BB1A /* FacebookLoginTest.app */ = {isa = PBXFileReference; explicitFileType = wrapper.application; includeInIndex = 0; path = FacebookLoginTest.app; sourceTree = BUILT_PRODUCTS_DIR; };
		C8BE9CAF274DE8380034BB1A /* AppDelegate.swift */ = {isa = PBXFileReference; lastKnownFileType = sourcecode.swift; path = AppDelegate.swift; sourceTree = "<group>"; };
		C8BE9CB1274DE8380034BB1A /* SceneDelegate.swift */ = {isa = PBXFileReference; lastKnownFileType = sourcecode.swift; path = SceneDelegate.swift; sourceTree = "<group>"; };
		C8BE9CB3274DE8380034BB1A /* ViewController.swift */ = {isa = PBXFileReference; lastKnownFileType = sourcecode.swift; path = ViewController.swift; sourceTree = "<group>"; };
		C8BE9CB6274DE8380034BB1A /* Base */ = {isa = PBXFileReference; lastKnownFileType = file.storyboard; name = Base; path = Base.lproj/Main.storyboard; sourceTree = "<group>"; };
		C8BE9CB8274DE83A0034BB1A /* Assets.xcassets */ = {isa = PBXFileReference; lastKnownFileType = folder.assetcatalog; path = Assets.xcassets; sourceTree = "<group>"; };
		C8BE9CBB274DE83A0034BB1A /* Base */ = {isa = PBXFileReference; lastKnownFileType = file.storyboard; name = Base; path = Base.lproj/LaunchScreen.storyboard; sourceTree = "<group>"; };
		C8BE9CBD274DE83A0034BB1A /* Info.plist */ = {isa = PBXFileReference; lastKnownFileType = text.plist.xml; path = Info.plist; sourceTree = "<group>"; };
/* End PBXFileReference section */

/* Begin PBXFrameworksBuildPhase section */
		C8BE9CA9274DE8380034BB1A /* Frameworks */ = {
			isa = PBXFrameworksBuildPhase;
			buildActionMask = 2147483647;
			files = (
				C8BE9CC7274DE9560034BB1A /* FacebookLogin in Frameworks */,
				C8BE9CC5274DE9560034BB1A /* FacebookCore in Frameworks */,
			);
			runOnlyForDeploymentPostprocessing = 0;
		};
/* End PBXFrameworksBuildPhase section */

/* Begin PBXGroup section */
		C8BE9CA3274DE8380034BB1A = {
			isa = PBXGroup;
			children = (
				C8BE9CAE274DE8380034BB1A /* FacebookLoginTest */,
				C8BE9CAD274DE8380034BB1A /* Products */,
			);
			sourceTree = "<group>";
		};
		C8BE9CAD274DE8380034BB1A /* Products */ = {
			isa = PBXGroup;
			children = (
				C8BE9CAC274DE8380034BB1A /* FacebookLoginTest.app */,
			);
			name = Products;
			sourceTree = "<group>";
		};
		C8BE9CAE274DE8380034BB1A /* FacebookLoginTest */ = {
			isa = PBXGroup;
			children = (
				C8BE9CAF274DE8380034BB1A /* AppDelegate.swift */,
				C8BE9CB1274DE8380034BB1A /* SceneDelegate.swift */,
				C8BE9CB3274DE8380034BB1A /* ViewController.swift */,
				C8BE9CB5274DE8380034BB1A /* Main.storyboard */,
				C8BE9CB8274DE83A0034BB1A /* Assets.xcassets */,
				C8BE9CBA274DE83A0034BB1A /* LaunchScreen.storyboard */,
				C8BE9CBD274DE83A0034BB1A /* Info.plist */,
			);
			path = FacebookLoginTest;
			sourceTree = "<group>";
		};
/* End PBXGroup section */

/* Begin PBXNativeTarget section */
		C8BE9CAB274DE8380034BB1A /* FacebookLoginTest */ = {
			isa = PBXNativeTarget;
			buildConfigurationList = C8BE9CC0274DE83A0034BB1A /* Build configuration list for PBXNativeTarget "FacebookLoginTest" */;
			buildPhases = (
				C8BE9CA8274DE8380034BB1A /* Sources */,
				C8BE9CA9274DE8380034BB1A /* Frameworks */,
				C8BE9CAA274DE8380034BB1A /* Resources */,
			);
			buildRules = (
			);
			dependencies = (
			);
			name = FacebookLoginTest;
			packageProductDependencies = (
				C8BE9CC4274DE9560034BB1A /* FacebookCore */,
				C8BE9CC6274DE9560034BB1A /* FacebookLogin */,
			);
			productName = FacebookLoginTest;
			productReference = C8BE9CAC274DE8380034BB1A /* FacebookLoginTest.app */;
			productType = "com.apple.product-type.application";
		};
/* End PBXNativeTarget section */

/* Begin PBXProject section */
		C8BE9CA4274DE8380034BB1A /* Project object */ = {
			isa = PBXProject;
			attributes = {
				BuildIndependentTargetsInParallel = 1;
				LastSwiftUpdateCheck = 1310;
				LastUpgradeCheck = 1310;
				TargetAttributes = {
					C8BE9CAB274DE8380034BB1A = {
						CreatedOnToolsVersion = 13.1;
					};
				};
			};
			buildConfigurationList = C8BE9CA7274DE8380034BB1A /* Build configuration list for PBXProject "FacebookLoginTest" */;
			compatibilityVersion = "Xcode 13.0";
			developmentRegion = en;
			hasScannedForEncodings = 0;
			knownRegions = (
				en,
				Base,
			);
			mainGroup = C8BE9CA3274DE8380034BB1A;
			packageReferences = (
				C8BE9CC3274DE9560034BB1A /* XCRemoteSwiftPackageReference "facebook-ios-sdk" */,
			);
			productRefGroup = C8BE9CAD274DE8380034BB1A /* Products */;
			projectDirPath = "";
			projectRoot = "";
			targets = (
				C8BE9CAB274DE8380034BB1A /* FacebookLoginTest */,
			);
		};
/* End PBXProject section */

/* Begin PBXResourcesBuildPhase section */
		C8BE9CAA274DE8380034BB1A /* Resources */ = {
			isa = PBXResourcesBuildPhase;
			buildActionMask = 2147483647;
			files = (
				C8BE9CBC274DE83A0034BB1A /* LaunchScreen.storyboard in Resources */,
				C8BE9CB9274DE83A0034BB1A /* Assets.xcassets in Resources */,
				C8BE9CB7274DE8380034BB1A /* Main.storyboard in Resources */,
			);
			runOnlyForDeploymentPostprocessing = 0;
		};
/* End PBXResourcesBuildPhase section */

/* Begin PBXSourcesBuildPhase section */
		C8BE9CA8274DE8380034BB1A /* Sources */ = {
			isa = PBXSourcesBuildPhase;
			buildActionMask = 2147483647;
			files = (
				C8BE9CB4274DE8380034BB1A /* ViewController.swift in Sources */,
				C8BE9CB0274DE8380034BB1A /* AppDelegate.swift in Sources */,
				C8BE9CB2274DE8380034BB1A /* SceneDelegate.swift in Sources */,
			);
			runOnlyForDeploymentPostprocessing = 0;
		};
/* End PBXSourcesBuildPhase section */

/* Begin PBXVariantGroup section */
		C8BE9CB5274DE8380034BB1A /* Main.storyboard */ = {
			isa = PBXVariantGroup;
			children = (
				C8BE9CB6274DE8380034BB1A /* Base */,
			);
			name = Main.storyboard;
			sourceTree = "<group>";
		};
		C8BE9CBA274DE83A0034BB1A /* LaunchScreen.storyboard */ = {
			isa = PBXVariantGroup;
			children = (
				C8BE9CBB274DE83A0034BB1A /* Base */,
			);
			name = LaunchScreen.storyboard;
			sourceTree = "<group>";
		};
/* End PBXVariantGroup section */

/* Begin XCBuildConfiguration section */
		C8BE9CBE274DE83A0034BB1A /* Debug */ = {
			isa = XCBuildConfiguration;
			buildSettings = {
				ALWAYS_SEARCH_USER_PATHS = NO;
				CLANG_ANALYZER_NONNULL = YES;
				CLANG_ANALYZER_NUMBER_OBJECT_CONVERSION = YES_AGGRESSIVE;
				CLANG_CXX_LANGUAGE_STANDARD = "gnu++17";
				CLANG_CXX_LIBRARY = "libc++";
				CLANG_ENABLE_MODULES = YES;
				CLANG_ENABLE_OBJC_ARC = YES;
				CLANG_ENABLE_OBJC_WEAK = YES;
				CLANG_WARN_BLOCK_CAPTURE_AUTORELEASING = YES;
				CLANG_WARN_BOOL_CONVERSION = YES;
				CLANG_WARN_COMMA = YES;
				CLANG_WARN_CONSTANT_CONVERSION = YES;
				CLANG_WARN_DEPRECATED_OBJC_IMPLEMENTATIONS = YES;
				CLANG_WARN_DIRECT_OBJC_ISA_USAGE = YES_ERROR;
				CLANG_WARN_DOCUMENTATION_COMMENTS = YES;
				CLANG_WARN_EMPTY_BODY = YES;
				CLANG_WARN_ENUM_CONVERSION = YES;
				CLANG_WARN_INFINITE_RECURSION = YES;
				CLANG_WARN_INT_CONVERSION = YES;
				CLANG_WARN_NON_LITERAL_NULL_CONVERSION = YES;
				CLANG_WARN_OBJC_IMPLICIT_RETAIN_SELF = YES;
				CLANG_WARN_OBJC_LITERAL_CONVERSION = YES;
				CLANG_WARN_OBJC_ROOT_CLASS = YES_ERROR;
				CLANG_WARN_QUOTED_INCLUDE_IN_FRAMEWORK_HEADER = YES;
				CLANG_WARN_RANGE_LOOP_ANALYSIS = YES;
				CLANG_WARN_STRICT_PROTOTYPES = YES;
				CLANG_WARN_SUSPICIOUS_MOVE = YES;
				CLANG_WARN_UNGUARDED_AVAILABILITY = YES_AGGRESSIVE;
				CLANG_WARN_UNREACHABLE_CODE = YES;
				CLANG_WARN__DUPLICATE_METHOD_MATCH = YES;
				COPY_PHASE_STRIP = NO;
				DEBUG_INFORMATION_FORMAT = dwarf;
				ENABLE_STRICT_OBJC_MSGSEND = YES;
				ENABLE_TESTABILITY = YES;
				GCC_C_LANGUAGE_STANDARD = gnu11;
				GCC_DYNAMIC_NO_PIC = NO;
				GCC_NO_COMMON_BLOCKS = YES;
				GCC_OPTIMIZATION_LEVEL = 0;
				GCC_PREPROCESSOR_DEFINITIONS = (
					"DEBUG=1",
					"$(inherited)",
				);
				GCC_WARN_64_TO_32_BIT_CONVERSION = YES;
				GCC_WARN_ABOUT_RETURN_TYPE = YES_ERROR;
				GCC_WARN_UNDECLARED_SELECTOR = YES;
				GCC_WARN_UNINITIALIZED_AUTOS = YES_AGGRESSIVE;
				GCC_WARN_UNUSED_FUNCTION = YES;
				GCC_WARN_UNUSED_VARIABLE = YES;
				IPHONEOS_DEPLOYMENT_TARGET = 15.0;
				MTL_ENABLE_DEBUG_INFO = INCLUDE_SOURCE;
				MTL_FAST_MATH = YES;
				ONLY_ACTIVE_ARCH = YES;
				SDKROOT = iphoneos;
				SWIFT_ACTIVE_COMPILATION_CONDITIONS = DEBUG;
				SWIFT_OPTIMIZATION_LEVEL = "-Onone";
			};
			name = Debug;
		};
		C8BE9CBF274DE83A0034BB1A /* Release */ = {
			isa = XCBuildConfiguration;
			buildSettings = {
				ALWAYS_SEARCH_USER_PATHS = NO;
				CLANG_ANALYZER_NONNULL = YES;
				CLANG_ANALYZER_NUMBER_OBJECT_CONVERSION = YES_AGGRESSIVE;
				CLANG_CXX_LANGUAGE_STANDARD = "gnu++17";
				CLANG_CXX_LIBRARY = "libc++";
				CLANG_ENABLE_MODULES = YES;
				CLANG_ENABLE_OBJC_ARC = YES;
				CLANG_ENABLE_OBJC_WEAK = YES;
				CLANG_WARN_BLOCK_CAPTURE_AUTORELEASING = YES;
				CLANG_WARN_BOOL_CONVERSION = YES;
				CLANG_WARN_COMMA = YES;
				CLANG_WARN_CONSTANT_CONVERSION = YES;
				CLANG_WARN_DEPRECATED_OBJC_IMPLEMENTATIONS = YES;
				CLANG_WARN_DIRECT_OBJC_ISA_USAGE = YES_ERROR;
				CLANG_WARN_DOCUMENTATION_COMMENTS = YES;
				CLANG_WARN_EMPTY_BODY = YES;
				CLANG_WARN_ENUM_CONVERSION = YES;
				CLANG_WARN_INFINITE_RECURSION = YES;
				CLANG_WARN_INT_CONVERSION = YES;
				CLANG_WARN_NON_LITERAL_NULL_CONVERSION = YES;
				CLANG_WARN_OBJC_IMPLICIT_RETAIN_SELF = YES;
				CLANG_WARN_OBJC_LITERAL_CONVERSION = YES;
				CLANG_WARN_OBJC_ROOT_CLASS = YES_ERROR;
				CLANG_WARN_QUOTED_INCLUDE_IN_FRAMEWORK_HEADER = YES;
				CLANG_WARN_RANGE_LOOP_ANALYSIS = YES;
				CLANG_WARN_STRICT_PROTOTYPES = YES;
				CLANG_WARN_SUSPICIOUS_MOVE = YES;
				CLANG_WARN_UNGUARDED_AVAILABILITY = YES_AGGRESSIVE;
				CLANG_WARN_UNREACHABLE_CODE = YES;
				CLANG_WARN__DUPLICATE_METHOD_MATCH = YES;
				COPY_PHASE_STRIP = NO;
				DEBUG_INFORMATION_FORMAT = "dwarf-with-dsym";
				ENABLE_NS_ASSERTIONS = NO;
				ENABLE_STRICT_OBJC_MSGSEND = YES;
				GCC_C_LANGUAGE_STANDARD = gnu11;
				GCC_NO_COMMON_BLOCKS = YES;
				GCC_WARN_64_TO_32_BIT_CONVERSION = YES;
				GCC_WARN_ABOUT_RETURN_TYPE = YES_ERROR;
				GCC_WARN_UNDECLARED_SELECTOR = YES;
				GCC_WARN_UNINITIALIZED_AUTOS = YES_AGGRESSIVE;
				GCC_WARN_UNUSED_FUNCTION = YES;
				GCC_WARN_UNUSED_VARIABLE = YES;
				IPHONEOS_DEPLOYMENT_TARGET = 15.0;
				MTL_ENABLE_DEBUG_INFO = NO;
				MTL_FAST_MATH = YES;
				SDKROOT = iphoneos;
				SWIFT_COMPILATION_MODE = wholemodule;
				SWIFT_OPTIMIZATION_LEVEL = "-O";
				VALIDATE_PRODUCT = YES;
			};
			name = Release;
		};
		C8BE9CC1274DE83A0034BB1A /* Debug */ = {
			isa = XCBuildConfiguration;
			buildSettings = {
				ASSETCATALOG_COMPILER_APPICON_NAME = AppIcon;
				ASSETCATALOG_COMPILER_GLOBAL_ACCENT_COLOR_NAME = AccentColor;
				CODE_SIGN_STYLE = Automatic;
				CURRENT_PROJECT_VERSION = 1;
				GENERATE_INFOPLIST_FILE = YES;
				INFOPLIST_FILE = FacebookLoginTest/Info.plist;
				INFOPLIST_KEY_UIApplicationSupportsIndirectInputEvents = YES;
				INFOPLIST_KEY_UILaunchStoryboardName = LaunchScreen;
				INFOPLIST_KEY_UIMainStoryboardFile = Main;
				INFOPLIST_KEY_UISupportedInterfaceOrientations_iPad = "UIInterfaceOrientationPortrait UIInterfaceOrientationPortraitUpsideDown UIInterfaceOrientationLandscapeLeft UIInterfaceOrientationLandscapeRight";
				INFOPLIST_KEY_UISupportedInterfaceOrientations_iPhone = "UIInterfaceOrientationPortrait UIInterfaceOrientationLandscapeLeft UIInterfaceOrientationLandscapeRight";
				LD_RUNPATH_SEARCH_PATHS = (
					"$(inherited)",
					"@executable_path/Frameworks",
				);
				MARKETING_VERSION = 1.0;
				PRODUCT_BUNDLE_IDENTIFIER = com.Underdog.FacebookLoginTest;
				PRODUCT_NAME = "$(TARGET_NAME)";
				SWIFT_EMIT_LOC_STRINGS = YES;
				SWIFT_VERSION = 5.0;
				TARGETED_DEVICE_FAMILY = "1,2";
			};
			name = Debug;
		};
		C8BE9CC2274DE83A0034BB1A /* Release */ = {
			isa = XCBuildConfiguration;
			buildSettings = {
				ASSETCATALOG_COMPILER_APPICON_NAME = AppIcon;
				ASSETCATALOG_COMPILER_GLOBAL_ACCENT_COLOR_NAME = AccentColor;
				CODE_SIGN_STYLE = Automatic;
				CURRENT_PROJECT_VERSION = 1;
				GENERATE_INFOPLIST_FILE = YES;
				INFOPLIST_FILE = FacebookLoginTest/Info.plist;
				INFOPLIST_KEY_UIApplicationSupportsIndirectInputEvents = YES;
				INFOPLIST_KEY_UILaunchStoryboardName = LaunchScreen;
				INFOPLIST_KEY_UIMainStoryboardFile = Main;
				INFOPLIST_KEY_UISupportedInterfaceOrientations_iPad = "UIInterfaceOrientationPortrait UIInterfaceOrientationPortraitUpsideDown UIInterfaceOrientationLandscapeLeft UIInterfaceOrientationLandscapeRight";
				INFOPLIST_KEY_UISupportedInterfaceOrientations_iPhone = "UIInterfaceOrientationPortrait UIInterfaceOrientationLandscapeLeft UIInterfaceOrientationLandscapeRight";
				LD_RUNPATH_SEARCH_PATHS = (
					"$(inherited)",
					"@executable_path/Frameworks",
				);
				MARKETING_VERSION = 1.0;
				PRODUCT_BUNDLE_IDENTIFIER = com.Underdog.FacebookLoginTest;
				PRODUCT_NAME = "$(TARGET_NAME)";
				SWIFT_EMIT_LOC_STRINGS = YES;
				SWIFT_VERSION = 5.0;
				TARGETED_DEVICE_FAMILY = "1,2";
			};
			name = Release;
		};
/* End XCBuildConfiguration section */

/* Begin XCConfigurationList section */
		C8BE9CA7274DE8380034BB1A /* Build configuration list for PBXProject "FacebookLoginTest" */ = {
			isa = XCConfigurationList;
			buildConfigurations = (
				C8BE9CBE274DE83A0034BB1A /* Debug */,
				C8BE9CBF274DE83A0034BB1A /* Release */,
			);
			defaultConfigurationIsVisible = 0;
			defaultConfigurationName = Release;
		};
		C8BE9CC0274DE83A0034BB1A /* Build configuration list for PBXNativeTarget "FacebookLoginTest" */ = {
			isa = XCConfigurationList;
			buildConfigurations = (
				C8BE9CC1274DE83A0034BB1A /* Debug */,
				C8BE9CC2274DE83A0034BB1A /* Release */,
			);
			defaultConfigurationIsVisible = 0;
			defaultConfigurationName = Release;
		};
/* End XCConfigurationList section */

/* Begin XCRemoteSwiftPackageReference section */
		C8BE9CC3274DE9560034BB1A /* XCRemoteSwiftPackageReference "facebook-ios-sdk" */ = {
			isa = XCRemoteSwiftPackageReference;
			repositoryURL = "https://github.com/facebook/facebook-ios-sdk";
			requirement = {
				kind = upToNextMajorVersion;
				minimumVersion = 9.0.0;
			};
		};
/* End XCRemoteSwiftPackageReference section */

/* Begin XCSwiftPackageProductDependency section */
		C8BE9CC4274DE9560034BB1A /* FacebookCore */ = {
			isa = XCSwiftPackageProductDependency;
			package = C8BE9CC3274DE9560034BB1A /* XCRemoteSwiftPackageReference "facebook-ios-sdk" */;
			productName = FacebookCore;
		};
		C8BE9CC6274DE9560034BB1A /* FacebookLogin */ = {
			isa = XCSwiftPackageProductDependency;
			package = C8BE9CC3274DE9560034BB1A /* XCRemoteSwiftPackageReference "facebook-ios-sdk" */;
			productName = FacebookLogin;
		};
/* End XCSwiftPackageProductDependency section */
	};
	rootObject = C8BE9CA4274DE8380034BB1A /* Project object */;
}
