// !$*UTF8*$!
{
	archiveVersion = 1;
	classes = {
	};
	objectVersion = 50;
	objects = {

/* Begin PBXBuildFile section */
		C82B729D2738FAA60012CFE2 /* AppDelegate.swift in Sources */ = {isa = PBXBuildFile; fileRef = C82B729C2738FAA60012CFE2 /* AppDelegate.swift */; };
		C82B729F2738FAA60012CFE2 /* SceneDelegate.swift in Sources */ = {isa = PBXBuildFile; fileRef = C82B729E2738FAA60012CFE2 /* SceneDelegate.swift */; };
		C82B72A12738FAA60012CFE2 /* ViewController.swift in Sources */ = {isa = PBXBuildFile; fileRef = C82B72A02738FAA60012CFE2 /* ViewController.swift */; };
		C82B72A42738FAA60012CFE2 /* Main.storyboard in Resources */ = {isa = PBXBuildFile; fileRef = C82B72A22738FAA60012CFE2 /* Main.storyboard */; };
		C82B72A72738FAA60012CFE2 /* imageClassifierAPp.xcdatamodeld in Sources */ = {isa = PBXBuildFile; fileRef = C82B72A52738FAA60012CFE2 /* imageClassifierAPp.xcdatamodeld */; };
		C82B72A92738FAA80012CFE2 /* Assets.xcassets in Resources */ = {isa = PBXBuildFile; fileRef = C82B72A82738FAA80012CFE2 /* Assets.xcassets */; };
		C82B72AC2738FAA80012CFE2 /* LaunchScreen.storyboard in Resources */ = {isa = PBXBuildFile; fileRef = C82B72AA2738FAA80012CFE2 /* LaunchScreen.storyboard */; };
		C82B72B42738FB4E0012CFE2 /* cats_and_dogs.mlmodel in Sources */ = {isa = PBXBuildFile; fileRef = C82B72B32738FB4E0012CFE2 /* cats_and_dogs.mlmodel */; };
		C82B72B6273906720012CFE2 /* ImageClassifier.swift in Sources */ = {isa = PBXBuildFile; fileRef = C82B72B5273906720012CFE2 /* ImageClassifier.swift */; };
/* End PBXBuildFile section */

/* Begin PBXFileReference section */
		C82B72992738FAA60012CFE2 /* imageClassifierAPp.app */ = {isa = PBXFileReference; explicitFileType = wrapper.application; includeInIndex = 0; path = imageClassifierAPp.app; sourceTree = BUILT_PRODUCTS_DIR; };
		C82B729C2738FAA60012CFE2 /* AppDelegate.swift */ = {isa = PBXFileReference; lastKnownFileType = sourcecode.swift; path = AppDelegate.swift; sourceTree = "<group>"; };
		C82B729E2738FAA60012CFE2 /* SceneDelegate.swift */ = {isa = PBXFileReference; lastKnownFileType = sourcecode.swift; path = SceneDelegate.swift; sourceTree = "<group>"; };
		C82B72A02738FAA60012CFE2 /* ViewController.swift */ = {isa = PBXFileReference; lastKnownFileType = sourcecode.swift; path = ViewController.swift; sourceTree = "<group>"; };
		C82B72A32738FAA60012CFE2 /* Base */ = {isa = PBXFileReference; lastKnownFileType = file.storyboard; name = Base; path = Base.lproj/Main.storyboard; sourceTree = "<group>"; };
		C82B72A62738FAA60012CFE2 /* imageClassifierAPp.xcdatamodel */ = {isa = PBXFileReference; lastKnownFileType = wrapper.xcdatamodel; path = imageClassifierAPp.xcdatamodel; sourceTree = "<group>"; };
		C82B72A82738FAA80012CFE2 /* Assets.xcassets */ = {isa = PBXFileReference; lastKnownFileType = folder.assetcatalog; path = Assets.xcassets; sourceTree = "<group>"; };
		C82B72AB2738FAA80012CFE2 /* Base */ = {isa = PBXFileReference; lastKnownFileType = file.storyboard; name = Base; path = Base.lproj/LaunchScreen.storyboard; sourceTree = "<group>"; };
		C82B72AD2738FAA80012CFE2 /* Info.plist */ = {isa = PBXFileReference; lastKnownFileType = text.plist.xml; path = Info.plist; sourceTree = "<group>"; };
		C82B72B32738FB4E0012CFE2 /* cats_and_dogs.mlmodel */ = {isa = PBXFileReference; lastKnownFileType = file.mlmodel; path = cats_and_dogs.mlmodel; sourceTree = "<group>"; };
		C82B72B5273906720012CFE2 /* ImageClassifier.swift */ = {isa = PBXFileReference; fileEncoding = 4; lastKnownFileType = sourcecode.swift; path = ImageClassifier.swift; sourceTree = "<group>"; };
/* End PBXFileReference section */

/* Begin PBXFrameworksBuildPhase section */
		C82B72962738FAA60012CFE2 /* Frameworks */ = {
			isa = PBXFrameworksBuildPhase;
			buildActionMask = 2147483647;
			files = (
			);
			runOnlyForDeploymentPostprocessing = 0;
		};
/* End PBXFrameworksBuildPhase section */

/* Begin PBXGroup section */
		C82B72902738FAA60012CFE2 = {
			isa = PBXGroup;
			children = (
				C82B729B2738FAA60012CFE2 /* imageClassifierAPp */,
				C82B729A2738FAA60012CFE2 /* Products */,
			);
			sourceTree = "<group>";
		};
		C82B729A2738FAA60012CFE2 /* Products */ = {
			isa = PBXGroup;
			children = (
				C82B72992738FAA60012CFE2 /* imageClassifierAPp.app */,
			);
			name = Products;
			sourceTree = "<group>";
		};
		C82B729B2738FAA60012CFE2 /* imageClassifierAPp */ = {
			isa = PBXGroup;
			children = (
				C82B729C2738FAA60012CFE2 /* AppDelegate.swift */,
				C82B729E2738FAA60012CFE2 /* SceneDelegate.swift */,
				C82B72A02738FAA60012CFE2 /* ViewController.swift */,
				C82B72B5273906720012CFE2 /* ImageClassifier.swift */,
				C82B72B32738FB4E0012CFE2 /* cats_and_dogs.mlmodel */,
				C82B72A22738FAA60012CFE2 /* Main.storyboard */,
				C82B72A82738FAA80012CFE2 /* Assets.xcassets */,
				C82B72AA2738FAA80012CFE2 /* LaunchScreen.storyboard */,
				C82B72AD2738FAA80012CFE2 /* Info.plist */,
				C82B72A52738FAA60012CFE2 /* imageClassifierAPp.xcdatamodeld */,
			);
			path = imageClassifierAPp;
			sourceTree = "<group>";
		};
/* End PBXGroup section */

/* Begin PBXNativeTarget section */
		C82B72982738FAA60012CFE2 /* imageClassifierAPp */ = {
			isa = PBXNativeTarget;
			buildConfigurationList = C82B72B02738FAA80012CFE2 /* Build configuration list for PBXNativeTarget "imageClassifierAPp" */;
			buildPhases = (
				C82B72952738FAA60012CFE2 /* Sources */,
				C82B72962738FAA60012CFE2 /* Frameworks */,
				C82B72972738FAA60012CFE2 /* Resources */,
			);
			buildRules = (
			);
			dependencies = (
			);
			name = imageClassifierAPp;
			productName = imageClassifierAPp;
			productReference = C82B72992738FAA60012CFE2 /* imageClassifierAPp.app */;
			productType = "com.apple.product-type.application";
		};
/* End PBXNativeTarget section */

/* Begin PBXProject section */
		C82B72912738FAA60012CFE2 /* Project object */ = {
			isa = PBXProject;
			attributes = {
				LastSwiftUpdateCheck = 1250;
				LastUpgradeCheck = 1250;
				TargetAttributes = {
					C82B72982738FAA60012CFE2 = {
						CreatedOnToolsVersion = 12.5.1;
					};
				};
			};
			buildConfigurationList = C82B72942738FAA60012CFE2 /* Build configuration list for PBXProject "imageClassifierAPp" */;
			compatibilityVersion = "Xcode 9.3";
			developmentRegion = en;
			hasScannedForEncodings = 0;
			knownRegions = (
				en,
				Base,
			);
			mainGroup = C82B72902738FAA60012CFE2;
			productRefGroup = C82B729A2738FAA60012CFE2 /* Products */;
			projectDirPath = "";
			projectRoot = "";
			targets = (
				C82B72982738FAA60012CFE2 /* imageClassifierAPp */,
			);
		};
/* End PBXProject section */

/* Begin PBXResourcesBuildPhase section */
		C82B72972738FAA60012CFE2 /* Resources */ = {
			isa = PBXResourcesBuildPhase;
			buildActionMask = 2147483647;
			files = (
				C82B72AC2738FAA80012CFE2 /* LaunchScreen.storyboard in Resources */,
				C82B72A92738FAA80012CFE2 /* Assets.xcassets in Resources */,
				C82B72A42738FAA60012CFE2 /* Main.storyboard in Resources */,
			);
			runOnlyForDeploymentPostprocessing = 0;
		};
/* End PBXResourcesBuildPhase section */

/* Begin PBXSourcesBuildPhase section */
		C82B72952738FAA60012CFE2 /* Sources */ = {
			isa = PBXSourcesBuildPhase;
			buildActionMask = 2147483647;
			files = (
				C82B72A72738FAA60012CFE2 /* imageClassifierAPp.xcdatamodeld in Sources */,
				C82B72A12738FAA60012CFE2 /* ViewController.swift in Sources */,
				C82B729D2738FAA60012CFE2 /* AppDelegate.swift in Sources */,
				C82B729F2738FAA60012CFE2 /* SceneDelegate.swift in Sources */,
				C82B72B6273906720012CFE2 /* ImageClassifier.swift in Sources */,
				C82B72B42738FB4E0012CFE2 /* cats_and_dogs.mlmodel in Sources */,
			);
			runOnlyForDeploymentPostprocessing = 0;
		};
/* End PBXSourcesBuildPhase section */

/* Begin PBXVariantGroup section */
		C82B72A22738FAA60012CFE2 /* Main.storyboard */ = {
			isa = PBXVariantGroup;
			children = (
				C82B72A32738FAA60012CFE2 /* Base */,
			);
			name = Main.storyboard;
			sourceTree = "<group>";
		};
		C82B72AA2738FAA80012CFE2 /* LaunchScreen.storyboard */ = {
			isa = PBXVariantGroup;
			children = (
				C82B72AB2738FAA80012CFE2 /* Base */,
			);
			name = LaunchScreen.storyboard;
			sourceTree = "<group>";
		};
/* End PBXVariantGroup section */

/* Begin XCBuildConfiguration section */
		C82B72AE2738FAA80012CFE2 /* Debug */ = {
			isa = XCBuildConfiguration;
			buildSettings = {
				ALWAYS_SEARCH_USER_PATHS = NO;
				CLANG_ANALYZER_NONNULL = YES;
				CLANG_ANALYZER_NUMBER_OBJECT_CONVERSION = YES_AGGRESSIVE;
				CLANG_CXX_LANGUAGE_STANDARD = "gnu++14";
				CLANG_CXX_LIBRARY = "libc++";
				CLANG_ENABLE_MODULES = YES;
				CLANG_ENABLE_OBJC_ARC = YES;
				CLANG_ENABLE_OBJC_WEAK = YES;
				CLANG_WARN_BLOCK_CAPTURE_AUTORELEASING = YES;
				CLANG_WARN_BOOL_CONVERSION = YES;
				CLANG_WARN_COMMA = YES;
				CLANG_WARN_CONSTANT_CONVERSION = YES;
				CLANG_WARN_DEPRECATED_OBJC_IMPLEMENTATIONS = YES;
				CLANG_WARN_DIRECT_OBJC_ISA_USAGE = YES_ERROR;
				CLANG_WARN_DOCUMENTATION_COMMENTS = YES;
				CLANG_WARN_EMPTY_BODY = YES;
				CLANG_WARN_ENUM_CONVERSION = YES;
				CLANG_WARN_INFINITE_RECURSION = YES;
				CLANG_WARN_INT_CONVERSION = YES;
				CLANG_WARN_NON_LITERAL_NULL_CONVERSION = YES;
				CLANG_WARN_OBJC_IMPLICIT_RETAIN_SELF = YES;
				CLANG_WARN_OBJC_LITERAL_CONVERSION = YES;
				CLANG_WARN_OBJC_ROOT_CLASS = YES_ERROR;
				CLANG_WARN_QUOTED_INCLUDE_IN_FRAMEWORK_HEADER = YES;
				CLANG_WARN_RANGE_LOOP_ANALYSIS = YES;
				CLANG_WARN_STRICT_PROTOTYPES = YES;
				CLANG_WARN_SUSPICIOUS_MOVE = YES;
				CLANG_WARN_UNGUARDED_AVAILABILITY = YES_AGGRESSIVE;
				CLANG_WARN_UNREACHABLE_CODE = YES;
				CLANG_WARN__DUPLICATE_METHOD_MATCH = YES;
				COPY_PHASE_STRIP = NO;
				DEBUG_INFORMATION_FORMAT = dwarf;
				ENABLE_STRICT_OBJC_MSGSEND = YES;
				ENABLE_TESTABILITY = YES;
				GCC_C_LANGUAGE_STANDARD = gnu11;
				GCC_DYNAMIC_NO_PIC = NO;
				GCC_NO_COMMON_BLOCKS = YES;
				GCC_OPTIMIZATION_LEVEL = 0;
				GCC_PREPROCESSOR_DEFINITIONS = (
					"DEBUG=1",
					"$(inherited)",
				);
				GCC_WARN_64_TO_32_BIT_CONVERSION = YES;
				GCC_WARN_ABOUT_RETURN_TYPE = YES_ERROR;
				GCC_WARN_UNDECLARED_SELECTOR = YES;
				GCC_WARN_UNINITIALIZED_AUTOS = YES_AGGRESSIVE;
				GCC_WARN_UNUSED_FUNCTION = YES;
				GCC_WARN_UNUSED_VARIABLE = YES;
				IPHONEOS_DEPLOYMENT_TARGET = 14.5;
				MTL_ENABLE_DEBUG_INFO = INCLUDE_SOURCE;
				MTL_FAST_MATH = YES;
				ONLY_ACTIVE_ARCH = YES;
				SDKROOT = iphoneos;
				SWIFT_ACTIVE_COMPILATION_CONDITIONS = DEBUG;
				SWIFT_OPTIMIZATION_LEVEL = "-Onone";
			};
			name = Debug;
		};
		C82B72AF2738FAA80012CFE2 /* Release */ = {
			isa = XCBuildConfiguration;
			buildSettings = {
				ALWAYS_SEARCH_USER_PATHS = NO;
				CLANG_ANALYZER_NONNULL = YES;
				CLANG_ANALYZER_NUMBER_OBJECT_CONVERSION = YES_AGGRESSIVE;
				CLANG_CXX_LANGUAGE_STANDARD = "gnu++14";
				CLANG_CXX_LIBRARY = "libc++";
				CLANG_ENABLE_MODULES = YES;
				CLANG_ENABLE_OBJC_ARC = YES;
				CLANG_ENABLE_OBJC_WEAK = YES;
				CLANG_WARN_BLOCK_CAPTURE_AUTORELEASING = YES;
				CLANG_WARN_BOOL_CONVERSION = YES;
				CLANG_WARN_COMMA = YES;
				CLANG_WARN_CONSTANT_CONVERSION = YES;
				CLANG_WARN_DEPRECATED_OBJC_IMPLEMENTATIONS = YES;
				CLANG_WARN_DIRECT_OBJC_ISA_USAGE = YES_ERROR;
				CLANG_WARN_DOCUMENTATION_COMMENTS = YES;
				CLANG_WARN_EMPTY_BODY = YES;
				CLANG_WARN_ENUM_CONVERSION = YES;
				CLANG_WARN_INFINITE_RECURSION = YES;
				CLANG_WARN_INT_CONVERSION = YES;
				CLANG_WARN_NON_LITERAL_NULL_CONVERSION = YES;
				CLANG_WARN_OBJC_IMPLICIT_RETAIN_SELF = YES;
				CLANG_WARN_OBJC_LITERAL_CONVERSION = YES;
				CLANG_WARN_OBJC_ROOT_CLASS = YES_ERROR;
				CLANG_WARN_QUOTED_INCLUDE_IN_FRAMEWORK_HEADER = YES;
				CLANG_WARN_RANGE_LOOP_ANALYSIS = YES;
				CLANG_WARN_STRICT_PROTOTYPES = YES;
				CLANG_WARN_SUSPICIOUS_MOVE = YES;
				CLANG_WARN_UNGUARDED_AVAILABILITY = YES_AGGRESSIVE;
				CLANG_WARN_UNREACHABLE_CODE = YES;
				CLANG_WARN__DUPLICATE_METHOD_MATCH = YES;
				COPY_PHASE_STRIP = NO;
				DEBUG_INFORMATION_FORMAT = "dwarf-with-dsym";
				ENABLE_NS_ASSERTIONS = NO;
				ENABLE_STRICT_OBJC_MSGSEND = YES;
				GCC_C_LANGUAGE_STANDARD = gnu11;
				GCC_NO_COMMON_BLOCKS = YES;
				GCC_WARN_64_TO_32_BIT_CONVERSION = YES;
				GCC_WARN_ABOUT_RETURN_TYPE = YES_ERROR;
				GCC_WARN_UNDECLARED_SELECTOR = YES;
				GCC_WARN_UNINITIALIZED_AUTOS = YES_AGGRESSIVE;
				GCC_WARN_UNUSED_FUNCTION = YES;
				GCC_WARN_UNUSED_VARIABLE = YES;
				IPHONEOS_DEPLOYMENT_TARGET = 14.5;
				MTL_ENABLE_DEBUG_INFO = NO;
				MTL_FAST_MATH = YES;
				SDKROOT = iphoneos;
				SWIFT_COMPILATION_MODE = wholemodule;
				SWIFT_OPTIMIZATION_LEVEL = "-O";
				VALIDATE_PRODUCT = YES;
			};
			name = Release;
		};
		C82B72B12738FAA80012CFE2 /* Debug */ = {
			isa = XCBuildConfiguration;
			buildSettings = {
				ASSETCATALOG_COMPILER_APPICON_NAME = AppIcon;
				ASSETCATALOG_COMPILER_GLOBAL_ACCENT_COLOR_NAME = AccentColor;
				CODE_SIGN_STYLE = Automatic;
				DEVELOPMENT_TEAM = "";
				INFOPLIST_FILE = imageClassifierAPp/Info.plist;
				LD_RUNPATH_SEARCH_PATHS = (
					"$(inherited)",
					"@executable_path/Frameworks",
				);
				PRODUCT_BUNDLE_IDENTIFIER = com.Underdog.imageClassifierAPp;
				PRODUCT_NAME = "$(TARGET_NAME)";
				SWIFT_VERSION = 5.0;
				TARGETED_DEVICE_FAMILY = "1,2";
			};
			name = Debug;
		};
		C82B72B22738FAA80012CFE2 /* Release */ = {
			isa = XCBuildConfiguration;
			buildSettings = {
				ASSETCATALOG_COMPILER_APPICON_NAME = AppIcon;
				ASSETCATALOG_COMPILER_GLOBAL_ACCENT_COLOR_NAME = AccentColor;
				CODE_SIGN_STYLE = Automatic;
				DEVELOPMENT_TEAM = "";
				INFOPLIST_FILE = imageClassifierAPp/Info.plist;
				LD_RUNPATH_SEARCH_PATHS = (
					"$(inherited)",
					"@executable_path/Frameworks",
				);
				PRODUCT_BUNDLE_IDENTIFIER = com.Underdog.imageClassifierAPp;
				PRODUCT_NAME = "$(TARGET_NAME)";
				SWIFT_VERSION = 5.0;
				TARGETED_DEVICE_FAMILY = "1,2";
			};
			name = Release;
		};
/* End XCBuildConfiguration section */

/* Begin XCConfigurationList section */
		C82B72942738FAA60012CFE2 /* Build configuration list for PBXProject "imageClassifierAPp" */ = {
			isa = XCConfigurationList;
			buildConfigurations = (
				C82B72AE2738FAA80012CFE2 /* Debug */,
				C82B72AF2738FAA80012CFE2 /* Release */,
			);
			defaultConfigurationIsVisible = 0;
			defaultConfigurationName = Release;
		};
		C82B72B02738FAA80012CFE2 /* Build configuration list for PBXNativeTarget "imageClassifierAPp" */ = {
			isa = XCConfigurationList;
			buildConfigurations = (
				C82B72B12738FAA80012CFE2 /* Debug */,
				C82B72B22738FAA80012CFE2 /* Release */,
			);
			defaultConfigurationIsVisible = 0;
			defaultConfigurationName = Release;
		};
/* End XCConfigurationList section */

/* Begin XCVersionGroup section */
		C82B72A52738FAA60012CFE2 /* imageClassifierAPp.xcdatamodeld */ = {
			isa = XCVersionGroup;
			children = (
				C82B72A62738FAA60012CFE2 /* imageClassifierAPp.xcdatamodel */,
			);
			currentVersion = C82B72A62738FAA60012CFE2 /* imageClassifierAPp.xcdatamodel */;
			path = imageClassifierAPp.xcdatamodeld;
			sourceTree = "<group>";
			versionGroupType = wrapper.xcdatamodel;
		};
/* End XCVersionGroup section */
	};
	rootObject = C82B72912738FAA60012CFE2 /* Project object */;
}
