// !$*UTF8*$!
{
	archiveVersion = 1;
	classes = {
	};
	objectVersion = 50;
	objects = {

/* Begin PBXBuildFile section */
		C85393D22708256800F30E65 /* AppDelegate.swift in Sources */ = {isa = PBXBuildFile; fileRef = C85393D12708256800F30E65 /* AppDelegate.swift */; };
		C85393D42708256800F30E65 /* SceneDelegate.swift in Sources */ = {isa = PBXBuildFile; fileRef = C85393D32708256800F30E65 /* SceneDelegate.swift */; };
		C85393D62708256800F30E65 /* ViewController.swift in Sources */ = {isa = PBXBuildFile; fileRef = C85393D52708256800F30E65 /* ViewController.swift */; };
		C85393D92708256800F30E65 /* Main.storyboard in Resources */ = {isa = PBXBuildFile; fileRef = C85393D72708256800F30E65 /* Main.storyboard */; };
		C85393DB2708256900F30E65 /* Assets.xcassets in Resources */ = {isa = PBXBuildFile; fileRef = C85393DA2708256900F30E65 /* Assets.xcassets */; };
		C85393DE2708256900F30E65 /* LaunchScreen.storyboard in Resources */ = {isa = PBXBuildFile; fileRef = C85393DC2708256900F30E65 /* LaunchScreen.storyboard */; };
		C85393E62708260A00F30E65 /* bts.plist in Resources */ = {isa = PBXBuildFile; fileRef = C85393E52708260A00F30E65 /* bts.plist */; };
		C85393E827082DF700F30E65 /* BTSTableViewController.swift in Sources */ = {isa = PBXBuildFile; fileRef = C85393E727082DF700F30E65 /* BTSTableViewController.swift */; };
/* End PBXBuildFile section */

/* Begin PBXFileReference section */
		C85393CE2708256800F30E65 /* 0928_retrospective02_PListTest2.app */ = {isa = PBXFileReference; explicitFileType = wrapper.application; includeInIndex = 0; path = 0928_retrospective02_PListTest2.app; sourceTree = BUILT_PRODUCTS_DIR; };
		C85393D12708256800F30E65 /* AppDelegate.swift */ = {isa = PBXFileReference; lastKnownFileType = sourcecode.swift; path = AppDelegate.swift; sourceTree = "<group>"; };
		C85393D32708256800F30E65 /* SceneDelegate.swift */ = {isa = PBXFileReference; lastKnownFileType = sourcecode.swift; path = SceneDelegate.swift; sourceTree = "<group>"; };
		C85393D52708256800F30E65 /* ViewController.swift */ = {isa = PBXFileReference; lastKnownFileType = sourcecode.swift; path = ViewController.swift; sourceTree = "<group>"; };
		C85393D82708256800F30E65 /* Base */ = {isa = PBXFileReference; lastKnownFileType = file.storyboard; name = Base; path = Base.lproj/Main.storyboard; sourceTree = "<group>"; };
		C85393DA2708256900F30E65 /* Assets.xcassets */ = {isa = PBXFileReference; lastKnownFileType = folder.assetcatalog; path = Assets.xcassets; sourceTree = "<group>"; };
		C85393DD2708256900F30E65 /* Base */ = {isa = PBXFileReference; lastKnownFileType = file.storyboard; name = Base; path = Base.lproj/LaunchScreen.storyboard; sourceTree = "<group>"; };
		C85393DF2708256900F30E65 /* Info.plist */ = {isa = PBXFileReference; lastKnownFileType = text.plist.xml; path = Info.plist; sourceTree = "<group>"; };
		C85393E52708260A00F30E65 /* bts.plist */ = {isa = PBXFileReference; fileEncoding = 4; lastKnownFileType = text.plist.xml; path = bts.plist; sourceTree = "<group>"; };
		C85393E727082DF700F30E65 /* BTSTableViewController.swift */ = {isa = PBXFileReference; lastKnownFileType = sourcecode.swift; path = BTSTableViewController.swift; sourceTree = "<group>"; };
/* End PBXFileReference section */

/* Begin PBXFrameworksBuildPhase section */
		C85393CB2708256800F30E65 /* Frameworks */ = {
			isa = PBXFrameworksBuildPhase;
			buildActionMask = 2147483647;
			files = (
			);
			runOnlyForDeploymentPostprocessing = 0;
		};
/* End PBXFrameworksBuildPhase section */

/* Begin PBXGroup section */
		C85393C52708256800F30E65 = {
			isa = PBXGroup;
			children = (
				C85393D02708256800F30E65 /* 0928_retrospective02_PListTest2 */,
				C85393CF2708256800F30E65 /* Products */,
			);
			sourceTree = "<group>";
		};
		C85393CF2708256800F30E65 /* Products */ = {
			isa = PBXGroup;
			children = (
				C85393CE2708256800F30E65 /* 0928_retrospective02_PListTest2.app */,
			);
			name = Products;
			sourceTree = "<group>";
		};
		C85393D02708256800F30E65 /* 0928_retrospective02_PListTest2 */ = {
			isa = PBXGroup;
			children = (
				C85393D12708256800F30E65 /* AppDelegate.swift */,
				C85393D32708256800F30E65 /* SceneDelegate.swift */,
				C85393D52708256800F30E65 /* ViewController.swift */,
				C85393D72708256800F30E65 /* Main.storyboard */,
				C85393DA2708256900F30E65 /* Assets.xcassets */,
				C85393E52708260A00F30E65 /* bts.plist */,
				C85393DC2708256900F30E65 /* LaunchScreen.storyboard */,
				C85393DF2708256900F30E65 /* Info.plist */,
				C85393E727082DF700F30E65 /* BTSTableViewController.swift */,
			);
			path = 0928_retrospective02_PListTest2;
			sourceTree = "<group>";
		};
/* End PBXGroup section */

/* Begin PBXNativeTarget section */
		C85393CD2708256800F30E65 /* 0928_retrospective02_PListTest2 */ = {
			isa = PBXNativeTarget;
			buildConfigurationList = C85393E22708256900F30E65 /* Build configuration list for PBXNativeTarget "0928_retrospective02_PListTest2" */;
			buildPhases = (
				C85393CA2708256800F30E65 /* Sources */,
				C85393CB2708256800F30E65 /* Frameworks */,
				C85393CC2708256800F30E65 /* Resources */,
			);
			buildRules = (
			);
			dependencies = (
			);
			name = 0928_retrospective02_PListTest2;
			productName = 0928_retrospective02_PListTest2;
			productReference = C85393CE2708256800F30E65 /* 0928_retrospective02_PListTest2.app */;
			productType = "com.apple.product-type.application";
		};
/* End PBXNativeTarget section */

/* Begin PBXProject section */
		C85393C62708256800F30E65 /* Project object */ = {
			isa = PBXProject;
			attributes = {
				LastSwiftUpdateCheck = 1250;
				LastUpgradeCheck = 1250;
				TargetAttributes = {
					C85393CD2708256800F30E65 = {
						CreatedOnToolsVersion = 12.5.1;
					};
				};
			};
			buildConfigurationList = C85393C92708256800F30E65 /* Build configuration list for PBXProject "0928_retrospective02_PListTest2" */;
			compatibilityVersion = "Xcode 9.3";
			developmentRegion = en;
			hasScannedForEncodings = 0;
			knownRegions = (
				en,
				Base,
			);
			mainGroup = C85393C52708256800F30E65;
			productRefGroup = C85393CF2708256800F30E65 /* Products */;
			projectDirPath = "";
			projectRoot = "";
			targets = (
				C85393CD2708256800F30E65 /* 0928_retrospective02_PListTest2 */,
			);
		};
/* End PBXProject section */

/* Begin PBXResourcesBuildPhase section */
		C85393CC2708256800F30E65 /* Resources */ = {
			isa = PBXResourcesBuildPhase;
			buildActionMask = 2147483647;
			files = (
				C85393E62708260A00F30E65 /* bts.plist in Resources */,
				C85393DE2708256900F30E65 /* LaunchScreen.storyboard in Resources */,
				C85393DB2708256900F30E65 /* Assets.xcassets in Resources */,
				C85393D92708256800F30E65 /* Main.storyboard in Resources */,
			);
			runOnlyForDeploymentPostprocessing = 0;
		};
/* End PBXResourcesBuildPhase section */

/* Begin PBXSourcesBuildPhase section */
		C85393CA2708256800F30E65 /* Sources */ = {
			isa = PBXSourcesBuildPhase;
			buildActionMask = 2147483647;
			files = (
				C85393D62708256800F30E65 /* ViewController.swift in Sources */,
				C85393D22708256800F30E65 /* AppDelegate.swift in Sources */,
				C85393D42708256800F30E65 /* SceneDelegate.swift in Sources */,
				C85393E827082DF700F30E65 /* BTSTableViewController.swift in Sources */,
			);
			runOnlyForDeploymentPostprocessing = 0;
		};
/* End PBXSourcesBuildPhase section */

/* Begin PBXVariantGroup section */
		C85393D72708256800F30E65 /* Main.storyboard */ = {
			isa = PBXVariantGroup;
			children = (
				C85393D82708256800F30E65 /* Base */,
			);
			name = Main.storyboard;
			sourceTree = "<group>";
		};
		C85393DC2708256900F30E65 /* LaunchScreen.storyboard */ = {
			isa = PBXVariantGroup;
			children = (
				C85393DD2708256900F30E65 /* Base */,
			);
			name = LaunchScreen.storyboard;
			sourceTree = "<group>";
		};
/* End PBXVariantGroup section */

/* Begin XCBuildConfiguration section */
		C85393E02708256900F30E65 /* Debug */ = {
			isa = XCBuildConfiguration;
			buildSettings = {
				ALWAYS_SEARCH_USER_PATHS = NO;
				CLANG_ANALYZER_NONNULL = YES;
				CLANG_ANALYZER_NUMBER_OBJECT_CONVERSION = YES_AGGRESSIVE;
				CLANG_CXX_LANGUAGE_STANDARD = "gnu++14";
				CLANG_CXX_LIBRARY = "libc++";
				CLANG_ENABLE_MODULES = YES;
				CLANG_ENABLE_OBJC_ARC = YES;
				CLANG_ENABLE_OBJC_WEAK = YES;
				CLANG_WARN_BLOCK_CAPTURE_AUTORELEASING = YES;
				CLANG_WARN_BOOL_CONVERSION = YES;
				CLANG_WARN_COMMA = YES;
				CLANG_WARN_CONSTANT_CONVERSION = YES;
				CLANG_WARN_DEPRECATED_OBJC_IMPLEMENTATIONS = YES;
				CLANG_WARN_DIRECT_OBJC_ISA_USAGE = YES_ERROR;
				CLANG_WARN_DOCUMENTATION_COMMENTS = YES;
				CLANG_WARN_EMPTY_BODY = YES;
				CLANG_WARN_ENUM_CONVERSION = YES;
				CLANG_WARN_INFINITE_RECURSION = YES;
				CLANG_WARN_INT_CONVERSION = YES;
				CLANG_WARN_NON_LITERAL_NULL_CONVERSION = YES;
				CLANG_WARN_OBJC_IMPLICIT_RETAIN_SELF = YES;
				CLANG_WARN_OBJC_LITERAL_CONVERSION = YES;
				CLANG_WARN_OBJC_ROOT_CLASS = YES_ERROR;
				CLANG_WARN_QUOTED_INCLUDE_IN_FRAMEWORK_HEADER = YES;
				CLANG_WARN_RANGE_LOOP_ANALYSIS = YES;
				CLANG_WARN_STRICT_PROTOTYPES = YES;
				CLANG_WARN_SUSPICIOUS_MOVE = YES;
				CLANG_WARN_UNGUARDED_AVAILABILITY = YES_AGGRESSIVE;
				CLANG_WARN_UNREACHABLE_CODE = YES;
				CLANG_WARN__DUPLICATE_METHOD_MATCH = YES;
				COPY_PHASE_STRIP = NO;
				DEBUG_INFORMATION_FORMAT = dwarf;
				ENABLE_STRICT_OBJC_MSGSEND = YES;
				ENABLE_TESTABILITY = YES;
				GCC_C_LANGUAGE_STANDARD = gnu11;
				GCC_DYNAMIC_NO_PIC = NO;
				GCC_NO_COMMON_BLOCKS = YES;
				GCC_OPTIMIZATION_LEVEL = 0;
				GCC_PREPROCESSOR_DEFINITIONS = (
					"DEBUG=1",
					"$(inherited)",
				);
				GCC_WARN_64_TO_32_BIT_CONVERSION = YES;
				GCC_WARN_ABOUT_RETURN_TYPE = YES_ERROR;
				GCC_WARN_UNDECLARED_SELECTOR = YES;
				GCC_WARN_UNINITIALIZED_AUTOS = YES_AGGRESSIVE;
				GCC_WARN_UNUSED_FUNCTION = YES;
				GCC_WARN_UNUSED_VARIABLE = YES;
				IPHONEOS_DEPLOYMENT_TARGET = 14.5;
				MTL_ENABLE_DEBUG_INFO = INCLUDE_SOURCE;
				MTL_FAST_MATH = YES;
				ONLY_ACTIVE_ARCH = YES;
				SDKROOT = iphoneos;
				SWIFT_ACTIVE_COMPILATION_CONDITIONS = DEBUG;
				SWIFT_OPTIMIZATION_LEVEL = "-Onone";
			};
			name = Debug;
		};
		C85393E12708256900F30E65 /* Release */ = {
			isa = XCBuildConfiguration;
			buildSettings = {
				ALWAYS_SEARCH_USER_PATHS = NO;
				CLANG_ANALYZER_NONNULL = YES;
				CLANG_ANALYZER_NUMBER_OBJECT_CONVERSION = YES_AGGRESSIVE;
				CLANG_CXX_LANGUAGE_STANDARD = "gnu++14";
				CLANG_CXX_LIBRARY = "libc++";
				CLANG_ENABLE_MODULES = YES;
				CLANG_ENABLE_OBJC_ARC = YES;
				CLANG_ENABLE_OBJC_WEAK = YES;
				CLANG_WARN_BLOCK_CAPTURE_AUTORELEASING = YES;
				CLANG_WARN_BOOL_CONVERSION = YES;
				CLANG_WARN_COMMA = YES;
				CLANG_WARN_CONSTANT_CONVERSION = YES;
				CLANG_WARN_DEPRECATED_OBJC_IMPLEMENTATIONS = YES;
				CLANG_WARN_DIRECT_OBJC_ISA_USAGE = YES_ERROR;
				CLANG_WARN_DOCUMENTATION_COMMENTS = YES;
				CLANG_WARN_EMPTY_BODY = YES;
				CLANG_WARN_ENUM_CONVERSION = YES;
				CLANG_WARN_INFINITE_RECURSION = YES;
				CLANG_WARN_INT_CONVERSION = YES;
				CLANG_WARN_NON_LITERAL_NULL_CONVERSION = YES;
				CLANG_WARN_OBJC_IMPLICIT_RETAIN_SELF = YES;
				CLANG_WARN_OBJC_LITERAL_CONVERSION = YES;
				CLANG_WARN_OBJC_ROOT_CLASS = YES_ERROR;
				CLANG_WARN_QUOTED_INCLUDE_IN_FRAMEWORK_HEADER = YES;
				CLANG_WARN_RANGE_LOOP_ANALYSIS = YES;
				CLANG_WARN_STRICT_PROTOTYPES = YES;
				CLANG_WARN_SUSPICIOUS_MOVE = YES;
				CLANG_WARN_UNGUARDED_AVAILABILITY = YES_AGGRESSIVE;
				CLANG_WARN_UNREACHABLE_CODE = YES;
				CLANG_WARN__DUPLICATE_METHOD_MATCH = YES;
				COPY_PHASE_STRIP = NO;
				DEBUG_INFORMATION_FORMAT = "dwarf-with-dsym";
				ENABLE_NS_ASSERTIONS = NO;
				ENABLE_STRICT_OBJC_MSGSEND = YES;
				GCC_C_LANGUAGE_STANDARD = gnu11;
				GCC_NO_COMMON_BLOCKS = YES;
				GCC_WARN_64_TO_32_BIT_CONVERSION = YES;
				GCC_WARN_ABOUT_RETURN_TYPE = YES_ERROR;
				GCC_WARN_UNDECLARED_SELECTOR = YES;
				GCC_WARN_UNINITIALIZED_AUTOS = YES_AGGRESSIVE;
				GCC_WARN_UNUSED_FUNCTION = YES;
				GCC_WARN_UNUSED_VARIABLE = YES;
				IPHONEOS_DEPLOYMENT_TARGET = 14.5;
				MTL_ENABLE_DEBUG_INFO = NO;
				MTL_FAST_MATH = YES;
				SDKROOT = iphoneos;
				SWIFT_COMPILATION_MODE = wholemodule;
				SWIFT_OPTIMIZATION_LEVEL = "-O";
				VALIDATE_PRODUCT = YES;
			};
			name = Release;
		};
		C85393E32708256900F30E65 /* Debug */ = {
			isa = XCBuildConfiguration;
			buildSettings = {
				ASSETCATALOG_COMPILER_APPICON_NAME = AppIcon;
				ASSETCATALOG_COMPILER_GLOBAL_ACCENT_COLOR_NAME = AccentColor;
				CODE_SIGN_STYLE = Automatic;
				DEVELOPMENT_TEAM = PT69WLF486;
				INFOPLIST_FILE = 0928_retrospective02_PListTest2/Info.plist;
				LD_RUNPATH_SEARCH_PATHS = (
					"$(inherited)",
					"@executable_path/Frameworks",
				);
				PRODUCT_BUNDLE_IDENTIFIER = "com.Underdog.MyFirstApp.-928-retrospective02-PListTest2";
				PRODUCT_NAME = "$(TARGET_NAME)";
				SWIFT_VERSION = 5.0;
				TARGETED_DEVICE_FAMILY = "1,2";
			};
			name = Debug;
		};
		C85393E42708256900F30E65 /* Release */ = {
			isa = XCBuildConfiguration;
			buildSettings = {
				ASSETCATALOG_COMPILER_APPICON_NAME = AppIcon;
				ASSETCATALOG_COMPILER_GLOBAL_ACCENT_COLOR_NAME = AccentColor;
				CODE_SIGN_STYLE = Automatic;
				DEVELOPMENT_TEAM = PT69WLF486;
				INFOPLIST_FILE = 0928_retrospective02_PListTest2/Info.plist;
				LD_RUNPATH_SEARCH_PATHS = (
					"$(inherited)",
					"@executable_path/Frameworks",
				);
				PRODUCT_BUNDLE_IDENTIFIER = "com.Underdog.MyFirstApp.-928-retrospective02-PListTest2";
				PRODUCT_NAME = "$(TARGET_NAME)";
				SWIFT_VERSION = 5.0;
				TARGETED_DEVICE_FAMILY = "1,2";
			};
			name = Release;
		};
/* End XCBuildConfiguration section */

/* Begin XCConfigurationList section */
		C85393C92708256800F30E65 /* Build configuration list for PBXProject "0928_retrospective02_PListTest2" */ = {
			isa = XCConfigurationList;
			buildConfigurations = (
				C85393E02708256900F30E65 /* Debug */,
				C85393E12708256900F30E65 /* Release */,
			);
			defaultConfigurationIsVisible = 0;
			defaultConfigurationName = Release;
		};
		C85393E22708256900F30E65 /* Build configuration list for PBXNativeTarget "0928_retrospective02_PListTest2" */ = {
			isa = XCConfigurationList;
			buildConfigurations = (
				C85393E32708256900F30E65 /* Debug */,
				C85393E42708256900F30E65 /* Release */,
			);
			defaultConfigurationIsVisible = 0;
			defaultConfigurationName = Release;
		};
/* End XCConfigurationList section */
	};
	rootObject = C85393C62708256800F30E65 /* Project object */;
}
